// !$*UTF8*$!
{
	archiveVersion = 1;
	classes = {
	};
	objectVersion = 51;
	objects = {

/* Begin PBXBuildFile section */
		AA881E0226D3800800C04028 /* AppDelegate.swift in Sources */ = {isa = PBXBuildFile; fileRef = AA881E0126D3800800C04028 /* AppDelegate.swift */; };
		AA881E0426D3800800C04028 /* SceneDelegate.swift in Sources */ = {isa = PBXBuildFile; fileRef = AA881E0326D3800800C04028 /* SceneDelegate.swift */; };
		AA881E0926D3800800C04028 /* Main.storyboard in Resources */ = {isa = PBXBuildFile; fileRef = AA881E0726D3800800C04028 /* Main.storyboard */; };
		AA881E0B26D3800B00C04028 /* Assets.xcassets in Resources */ = {isa = PBXBuildFile; fileRef = AA881E0A26D3800B00C04028 /* Assets.xcassets */; };
		AA881E0E26D3800B00C04028 /* LaunchScreen.storyboard in Resources */ = {isa = PBXBuildFile; fileRef = AA881E0C26D3800B00C04028 /* LaunchScreen.storyboard */; };
		AA881E1626D380DE00C04028 /* LoginViewController.swift in Sources */ = {isa = PBXBuildFile; fileRef = AA881E1526D380DE00C04028 /* LoginViewController.swift */; };
		C65B1329F62CF59F42DF29F2 /* Pods_AssignmentFirstApp.framework in Frameworks */ = {isa = PBXBuildFile; fileRef = 567DF180F8D23FF9295BB6A3 /* Pods_AssignmentFirstApp.framework */; };
/* End PBXBuildFile section */

/* Begin PBXFileReference section */
		567DF180F8D23FF9295BB6A3 /* Pods_AssignmentFirstApp.framework */ = {isa = PBXFileReference; explicitFileType = wrapper.framework; includeInIndex = 0; path = Pods_AssignmentFirstApp.framework; sourceTree = BUILT_PRODUCTS_DIR; };
		86D34C7900CB7CA4BF4820C1 /* Pods-AssignmentFirstApp.release.xcconfig */ = {isa = PBXFileReference; includeInIndex = 1; lastKnownFileType = text.xcconfig; name = "Pods-AssignmentFirstApp.release.xcconfig"; path = "Target Support Files/Pods-AssignmentFirstApp/Pods-AssignmentFirstApp.release.xcconfig"; sourceTree = "<group>"; };
		AA881DFE26D3800800C04028 /* AssignmentFirstApp.app */ = {isa = PBXFileReference; explicitFileType = wrapper.application; includeInIndex = 0; path = AssignmentFirstApp.app; sourceTree = BUILT_PRODUCTS_DIR; };
		AA881E0126D3800800C04028 /* AppDelegate.swift */ = {isa = PBXFileReference; lastKnownFileType = sourcecode.swift; path = AppDelegate.swift; sourceTree = "<group>"; };
		AA881E0326D3800800C04028 /* SceneDelegate.swift */ = {isa = PBXFileReference; lastKnownFileType = sourcecode.swift; path = SceneDelegate.swift; sourceTree = "<group>"; };
		AA881E0826D3800800C04028 /* Base */ = {isa = PBXFileReference; lastKnownFileType = file.storyboard; name = Base; path = Base.lproj/Main.storyboard; sourceTree = "<group>"; };
		AA881E0A26D3800B00C04028 /* Assets.xcassets */ = {isa = PBXFileReference; lastKnownFileType = folder.assetcatalog; path = Assets.xcassets; sourceTree = "<group>"; };
		AA881E0D26D3800B00C04028 /* Base */ = {isa = PBXFileReference; lastKnownFileType = file.storyboard; name = Base; path = Base.lproj/LaunchScreen.storyboard; sourceTree = "<group>"; };
		AA881E0F26D3800B00C04028 /* Info.plist */ = {isa = PBXFileReference; lastKnownFileType = text.plist.xml; path = Info.plist; sourceTree = "<group>"; };
		AA881E1526D380DE00C04028 /* LoginViewController.swift */ = {isa = PBXFileReference; lastKnownFileType = sourcecode.swift; path = LoginViewController.swift; sourceTree = "<group>"; };
		BBC423B7D4E7A9BFE0FB56A3 /* Pods-AssignmentFirstApp.debug.xcconfig */ = {isa = PBXFileReference; includeInIndex = 1; lastKnownFileType = text.xcconfig; name = "Pods-AssignmentFirstApp.debug.xcconfig"; path = "Target Support Files/Pods-AssignmentFirstApp/Pods-AssignmentFirstApp.debug.xcconfig"; sourceTree = "<group>"; };
/* End PBXFileReference section */

/* Begin PBXFrameworksBuildPhase section */
		AA881DFB26D3800800C04028 /* Frameworks */ = {
			isa = PBXFrameworksBuildPhase;
			buildActionMask = 2147483647;
			files = (
				C65B1329F62CF59F42DF29F2 /* Pods_AssignmentFirstApp.framework in Frameworks */,
			);
			runOnlyForDeploymentPostprocessing = 0;
		};
/* End PBXFrameworksBuildPhase section */

/* Begin PBXGroup section */
		312BB3C03082ECB4E9649E30 /* Frameworks */ = {
			isa = PBXGroup;
			children = (
				567DF180F8D23FF9295BB6A3 /* Pods_AssignmentFirstApp.framework */,
			);
			name = Frameworks;
			sourceTree = "<group>";
		};
		5038CA9F29DD818097E05C26 /* Pods */ = {
			isa = PBXGroup;
			children = (
				BBC423B7D4E7A9BFE0FB56A3 /* Pods-AssignmentFirstApp.debug.xcconfig */,
				86D34C7900CB7CA4BF4820C1 /* Pods-AssignmentFirstApp.release.xcconfig */,
			);
			path = Pods;
			sourceTree = "<group>";
		};
		AA881DF526D3800800C04028 = {
			isa = PBXGroup;
			children = (
				AA881E0026D3800800C04028 /* AssignmentFirstApp */,
				AA881DFF26D3800800C04028 /* Products */,
				5038CA9F29DD818097E05C26 /* Pods */,
				312BB3C03082ECB4E9649E30 /* Frameworks */,
			);
			sourceTree = "<group>";
		};
		AA881DFF26D3800800C04028 /* Products */ = {
			isa = PBXGroup;
			children = (
				AA881DFE26D3800800C04028 /* AssignmentFirstApp.app */,
			);
			name = Products;
			sourceTree = "<group>";
		};
		AA881E0026D3800800C04028 /* AssignmentFirstApp */ = {
			isa = PBXGroup;
			children = (
				AA881E0126D3800800C04028 /* AppDelegate.swift */,
				AA881E0326D3800800C04028 /* SceneDelegate.swift */,
				AA881E0726D3800800C04028 /* Main.storyboard */,
				AA881E0A26D3800B00C04028 /* Assets.xcassets */,
				AA881E0C26D3800B00C04028 /* LaunchScreen.storyboard */,
				AA881E0F26D3800B00C04028 /* Info.plist */,
				AA881E1526D380DE00C04028 /* LoginViewController.swift */,
			);
			path = AssignmentFirstApp;
			sourceTree = "<group>";
		};
/* End PBXGroup section */

/* Begin PBXNativeTarget section */
		AA881DFD26D3800800C04028 /* AssignmentFirstApp */ = {
			isa = PBXNativeTarget;
			buildConfigurationList = AA881E1226D3800B00C04028 /* Build configuration list for PBXNativeTarget "AssignmentFirstApp" */;
			buildPhases = (
				F7FCE5D37A6A7A31C533244A /* [CP] Check Pods Manifest.lock */,
				AA881DFA26D3800800C04028 /* Sources */,
				AA881DFB26D3800800C04028 /* Frameworks */,
				AA881DFC26D3800800C04028 /* Resources */,
				D22B2EF11E48BBE6B0FDB5F9 /* [CP] Embed Pods Frameworks */,
			);
			buildRules = (
			);
			dependencies = (
			);
			name = AssignmentFirstApp;
			productName = AssignmentFirstApp;
			productReference = AA881DFE26D3800800C04028 /* AssignmentFirstApp.app */;
			productType = "com.apple.product-type.application";
		};
/* End PBXNativeTarget section */

/* Begin PBXProject section */
		AA881DF626D3800800C04028 /* Project object */ = {
			isa = PBXProject;
			attributes = {
				LastSwiftUpdateCheck = 1250;
				LastUpgradeCheck = 1250;
				TargetAttributes = {
					AA881DFD26D3800800C04028 = {
						CreatedOnToolsVersion = 12.5.1;
					};
				};
			};
			buildConfigurationList = AA881DF926D3800800C04028 /* Build configuration list for PBXProject "AssignmentFirstApp" */;
			compatibilityVersion = "Xcode 9.3";
			developmentRegion = en;
			hasScannedForEncodings = 0;
			knownRegions = (
				en,
				Base,
			);
			mainGroup = AA881DF526D3800800C04028;
			productRefGroup = AA881DFF26D3800800C04028 /* Products */;
			projectDirPath = "";
			projectRoot = "";
			targets = (
				AA881DFD26D3800800C04028 /* AssignmentFirstApp */,
			);
		};
/* End PBXProject section */

/* Begin PBXResourcesBuildPhase section */
		AA881DFC26D3800800C04028 /* Resources */ = {
			isa = PBXResourcesBuildPhase;
			buildActionMask = 2147483647;
			files = (
				AA881E0E26D3800B00C04028 /* LaunchScreen.storyboard in Resources */,
				AA881E0B26D3800B00C04028 /* Assets.xcassets in Resources */,
				AA881E0926D3800800C04028 /* Main.storyboard in Resources */,
			);
			runOnlyForDeploymentPostprocessing = 0;
		};
/* End PBXResourcesBuildPhase section */

/* Begin PBXShellScriptBuildPhase section */
		D22B2EF11E48BBE6B0FDB5F9 /* [CP] Embed Pods Frameworks */ = {
			isa = PBXShellScriptBuildPhase;
			buildActionMask = 2147483647;
			files = (
			);
			inputFileListPaths = (
				"${PODS_ROOT}/Target Support Files/Pods-AssignmentFirstApp/Pods-AssignmentFirstApp-frameworks-${CONFIGURATION}-input-files.xcfilelist",
			);
			name = "[CP] Embed Pods Frameworks";
			outputFileListPaths = (
				"${PODS_ROOT}/Target Support Files/Pods-AssignmentFirstApp/Pods-AssignmentFirstApp-frameworks-${CONFIGURATION}-output-files.xcfilelist",
			);
			runOnlyForDeploymentPostprocessing = 0;
			shellPath = /bin/sh;
			shellScript = "\"${PODS_ROOT}/Target Support Files/Pods-AssignmentFirstApp/Pods-AssignmentFirstApp-frameworks.sh\"\n";
			showEnvVarsInLog = 0;
		};
		F7FCE5D37A6A7A31C533244A /* [CP] Check Pods Manifest.lock */ = {
			isa = PBXShellScriptBuildPhase;
			buildActionMask = 2147483647;
			files = (
			);
			inputFileListPaths = (
			);
			inputPaths = (
				"${PODS_PODFILE_DIR_PATH}/Podfile.lock",
				"${PODS_ROOT}/Manifest.lock",
			);
			name = "[CP] Check Pods Manifest.lock";
			outputFileListPaths = (
			);
			outputPaths = (
				"$(DERIVED_FILE_DIR)/Pods-AssignmentFirstApp-checkManifestLockResult.txt",
			);
			runOnlyForDeploymentPostprocessing = 0;
			shellPath = /bin/sh;
			shellScript = "diff \"${PODS_PODFILE_DIR_PATH}/Podfile.lock\" \"${PODS_ROOT}/Manifest.lock\" > /dev/null\nif [ $? != 0 ] ; then\n    # print error to STDERR\n    echo \"error: The sandbox is not in sync with the Podfile.lock. Run 'pod install' or update your CocoaPods installation.\" >&2\n    exit 1\nfi\n# This output is used by Xcode 'outputs' to avoid re-running this script phase.\necho \"SUCCESS\" > \"${SCRIPT_OUTPUT_FILE_0}\"\n";
			showEnvVarsInLog = 0;
		};
/* End PBXShellScriptBuildPhase section */

/* Begin PBXSourcesBuildPhase section */
		AA881DFA26D3800800C04028 /* Sources */ = {
			isa = PBXSourcesBuildPhase;
			buildActionMask = 2147483647;
			files = (
				AA881E1626D380DE00C04028 /* LoginViewController.swift in Sources */,
				AA881E0226D3800800C04028 /* AppDelegate.swift in Sources */,
				AA881E0426D3800800C04028 /* SceneDelegate.swift in Sources */,
			);
			runOnlyForDeploymentPostprocessing = 0;
		};
/* End PBXSourcesBuildPhase section */

/* Begin PBXVariantGroup section */
		AA881E0726D3800800C04028 /* Main.storyboard */ = {
			isa = PBXVariantGroup;
			children = (
				AA881E0826D3800800C04028 /* Base */,
			);
			name = Main.storyboard;
			sourceTree = "<group>";
		};
		AA881E0C26D3800B00C04028 /* LaunchScreen.storyboard */ = {
			isa = PBXVariantGroup;
			children = (
				AA881E0D26D3800B00C04028 /* Base */,
			);
			name = LaunchScreen.storyboard;
			sourceTree = "<group>";
		};
/* End PBXVariantGroup section */

/* Begin XCBuildConfiguration section */
		AA881E1026D3800B00C04028 /* Debug */ = {
			isa = XCBuildConfiguration;
			buildSettings = {
				ALWAYS_SEARCH_USER_PATHS = NO;
				CLANG_ANALYZER_NONNULL = YES;
				CLANG_ANALYZER_NUMBER_OBJECT_CONVERSION = YES_AGGRESSIVE;
				CLANG_CXX_LANGUAGE_STANDARD = "gnu++14";
				CLANG_CXX_LIBRARY = "libc++";
				CLANG_ENABLE_MODULES = YES;
				CLANG_ENABLE_OBJC_ARC = YES;
				CLANG_ENABLE_OBJC_WEAK = YES;
				CLANG_WARN_BLOCK_CAPTURE_AUTORELEASING = YES;
				CLANG_WARN_BOOL_CONVERSION = YES;
				CLANG_WARN_COMMA = YES;
				CLANG_WARN_CONSTANT_CONVERSION = YES;
				CLANG_WARN_DEPRECATED_OBJC_IMPLEMENTATIONS = YES;
				CLANG_WARN_DIRECT_OBJC_ISA_USAGE = YES_ERROR;
				CLANG_WARN_DOCUMENTATION_COMMENTS = YES;
				CLANG_WARN_EMPTY_BODY = YES;
				CLANG_WARN_ENUM_CONVERSION = YES;
				CLANG_WARN_INFINITE_RECURSION = YES;
				CLANG_WARN_INT_CONVERSION = YES;
				CLANG_WARN_NON_LITERAL_NULL_CONVERSION = YES;
				CLANG_WARN_OBJC_IMPLICIT_RETAIN_SELF = YES;
				CLANG_WARN_OBJC_LITERAL_CONVERSION = YES;
				CLANG_WARN_OBJC_ROOT_CLASS = YES_ERROR;
				CLANG_WARN_QUOTED_INCLUDE_IN_FRAMEWORK_HEADER = YES;
				CLANG_WARN_RANGE_LOOP_ANALYSIS = YES;
				CLANG_WARN_STRICT_PROTOTYPES = YES;
				CLANG_WARN_SUSPICIOUS_MOVE = YES;
				CLANG_WARN_UNGUARDED_AVAILABILITY = YES_AGGRESSIVE;
				CLANG_WARN_UNREACHABLE_CODE = YES;
				CLANG_WARN__DUPLICATE_METHOD_MATCH = YES;
				COPY_PHASE_STRIP = NO;
				DEBUG_INFORMATION_FORMAT = dwarf;
				ENABLE_STRICT_OBJC_MSGSEND = YES;
				ENABLE_TESTABILITY = YES;
				GCC_C_LANGUAGE_STANDARD = gnu11;
				GCC_DYNAMIC_NO_PIC = NO;
				GCC_NO_COMMON_BLOCKS = YES;
				GCC_OPTIMIZATION_LEVEL = 0;
				GCC_PREPROCESSOR_DEFINITIONS = (
					"DEBUG=1",
					"$(inherited)",
				);
				GCC_WARN_64_TO_32_BIT_CONVERSION = YES;
				GCC_WARN_ABOUT_RETURN_TYPE = YES_ERROR;
				GCC_WARN_UNDECLARED_SELECTOR = YES;
				GCC_WARN_UNINITIALIZED_AUTOS = YES_AGGRESSIVE;
				GCC_WARN_UNUSED_FUNCTION = YES;
				GCC_WARN_UNUSED_VARIABLE = YES;
				IPHONEOS_DEPLOYMENT_TARGET = 14.5;
				MTL_ENABLE_DEBUG_INFO = INCLUDE_SOURCE;
				MTL_FAST_MATH = YES;
				ONLY_ACTIVE_ARCH = YES;
				SDKROOT = iphoneos;
				SWIFT_ACTIVE_COMPILATION_CONDITIONS = DEBUG;
				SWIFT_OPTIMIZATION_LEVEL = "-Onone";
			};
			name = Debug;
		};
		AA881E1126D3800B00C04028 /* Release */ = {
			isa = XCBuildConfiguration;
			buildSettings = {
				ALWAYS_SEARCH_USER_PATHS = NO;
				CLANG_ANALYZER_NONNULL = YES;
				CLANG_ANALYZER_NUMBER_OBJECT_CONVERSION = YES_AGGRESSIVE;
				CLANG_CXX_LANGUAGE_STANDARD = "gnu++14";
				CLANG_CXX_LIBRARY = "libc++";
				CLANG_ENABLE_MODULES = YES;
				CLANG_ENABLE_OBJC_ARC = YES;
				CLANG_ENABLE_OBJC_WEAK = YES;
				CLANG_WARN_BLOCK_CAPTURE_AUTORELEASING = YES;
				CLANG_WARN_BOOL_CONVERSION = YES;
				CLANG_WARN_COMMA = YES;
				CLANG_WARN_CONSTANT_CONVERSION = YES;
				CLANG_WARN_DEPRECATED_OBJC_IMPLEMENTATIONS = YES;
				CLANG_WARN_DIRECT_OBJC_ISA_USAGE = YES_ERROR;
				CLANG_WARN_DOCUMENTATION_COMMENTS = YES;
				CLANG_WARN_EMPTY_BODY = YES;
				CLANG_WARN_ENUM_CONVERSION = YES;
				CLANG_WARN_INFINITE_RECURSION = YES;
				CLANG_WARN_INT_CONVERSION = YES;
				CLANG_WARN_NON_LITERAL_NULL_CONVERSION = YES;
				CLANG_WARN_OBJC_IMPLICIT_RETAIN_SELF = YES;
				CLANG_WARN_OBJC_LITERAL_CONVERSION = YES;
				CLANG_WARN_OBJC_ROOT_CLASS = YES_ERROR;
				CLANG_WARN_QUOTED_INCLUDE_IN_FRAMEWORK_HEADER = YES;
				CLANG_WARN_RANGE_LOOP_ANALYSIS = YES;
				CLANG_WARN_STRICT_PROTOTYPES = YES;
				CLANG_WARN_SUSPICIOUS_MOVE = YES;
				CLANG_WARN_UNGUARDED_AVAILABILITY = YES_AGGRESSIVE;
				CLANG_WARN_UNREACHABLE_CODE = YES;
				CLANG_WARN__DUPLICATE_METHOD_MATCH = YES;
				COPY_PHASE_STRIP = NO;
				DEBUG_INFORMATION_FORMAT = "dwarf-with-dsym";
				ENABLE_NS_ASSERTIONS = NO;
				ENABLE_STRICT_OBJC_MSGSEND = YES;
				GCC_C_LANGUAGE_STANDARD = gnu11;
				GCC_NO_COMMON_BLOCKS = YES;
				GCC_WARN_64_TO_32_BIT_CONVERSION = YES;
				GCC_WARN_ABOUT_RETURN_TYPE = YES_ERROR;
				GCC_WARN_UNDECLARED_SELECTOR = YES;
				GCC_WARN_UNINITIALIZED_AUTOS = YES_AGGRESSIVE;
				GCC_WARN_UNUSED_FUNCTION = YES;
				GCC_WARN_UNUSED_VARIABLE = YES;
				IPHONEOS_DEPLOYMENT_TARGET = 14.5;
				MTL_ENABLE_DEBUG_INFO = NO;
				MTL_FAST_MATH = YES;
				SDKROOT = iphoneos;
				SWIFT_COMPILATION_MODE = wholemodule;
				SWIFT_OPTIMIZATION_LEVEL = "-O";
				VALIDATE_PRODUCT = YES;
			};
			name = Release;
		};
		AA881E1326D3800B00C04028 /* Debug */ = {
			isa = XCBuildConfiguration;
			baseConfigurationReference = BBC423B7D4E7A9BFE0FB56A3 /* Pods-AssignmentFirstApp.debug.xcconfig */;
			buildSettings = {
				ASSETCATALOG_COMPILER_APPICON_NAME = AppIcon;
				ASSETCATALOG_COMPILER_GLOBAL_ACCENT_COLOR_NAME = AccentColor;
				CODE_SIGN_STYLE = Automatic;
				DEVELOPMENT_TEAM = P275SPG67W;
				INFOPLIST_FILE = AssignmentFirstApp/Info.plist;
				LD_RUNPATH_SEARCH_PATHS = (
					"$(inherited)",
					"@executable_path/Frameworks",
				);
				PRODUCT_BUNDLE_IDENTIFIER = com.yeonju.AssignmentFirstApp;
				PRODUCT_NAME = "$(TARGET_NAME)";
				SWIFT_VERSION = 5.0;
				TARGETED_DEVICE_FAMILY = "1,2";
			};
			name = Debug;
		};
		AA881E1426D3800B00C04028 /* Release */ = {
			isa = XCBuildConfiguration;
			baseConfigurationReference = 86D34C7900CB7CA4BF4820C1 /* Pods-AssignmentFirstApp.release.xcconfig */;
			buildSettings = {
				ASSETCATALOG_COMPILER_APPICON_NAME = AppIcon;
				ASSETCATALOG_COMPILER_GLOBAL_ACCENT_COLOR_NAME = AccentColor;
				CODE_SIGN_STYLE = Automatic;
				DEVELOPMENT_TEAM = P275SPG67W;
				INFOPLIST_FILE = AssignmentFirstApp/Info.plist;
				LD_RUNPATH_SEARCH_PATHS = (
					"$(inherited)",
					"@executable_path/Frameworks",
				);
				PRODUCT_BUNDLE_IDENTIFIER = com.yeonju.AssignmentFirstApp;
				PRODUCT_NAME = "$(TARGET_NAME)";
				SWIFT_VERSION = 5.0;
				TARGETED_DEVICE_FAMILY = "1,2";
			};
			name = Release;
		};
/* End XCBuildConfiguration section */

/* Begin XCConfigurationList section */
		AA881DF926D3800800C04028 /* Build configuration list for PBXProject "AssignmentFirstApp" */ = {
			isa = XCConfigurationList;
			buildConfigurations = (
				AA881E1026D3800B00C04028 /* Debug */,
				AA881E1126D3800B00C04028 /* Release */,
			);
			defaultConfigurationIsVisible = 0;
			defaultConfigurationName = Release;
		};
		AA881E1226D3800B00C04028 /* Build configuration list for PBXNativeTarget "AssignmentFirstApp" */ = {
			isa = XCConfigurationList;
			buildConfigurations = (
				AA881E1326D3800B00C04028 /* Debug */,
				AA881E1426D3800B00C04028 /* Release */,
			);
			defaultConfigurationIsVisible = 0;
			defaultConfigurationName = Release;
		};
/* End XCConfigurationList section */
	};
	rootObject = AA881DF626D3800800C04028 /* Project object */;
}
