// !$*UTF8*$!
{
	archiveVersion = 1;
	classes = {
	};
	objectVersion = 50;
	objects = {

/* Begin PBXBuildFile section */
		456A95C5E03D0D98DAB750BB /* Pods_DropDown.framework in Frameworks */ = {isa = PBXBuildFile; fileRef = B5778E47E78412DF03F247CF /* Pods_DropDown.framework */; };
		AA2D93A226DCD0A5006FDE74 /* AppDelegate.swift in Sources */ = {isa = PBXBuildFile; fileRef = AA2D93A126DCD0A5006FDE74 /* AppDelegate.swift */; };
		AA2D93A426DCD0A5006FDE74 /* SceneDelegate.swift in Sources */ = {isa = PBXBuildFile; fileRef = AA2D93A326DCD0A5006FDE74 /* SceneDelegate.swift */; };
		AA2D93A626DCD0A5006FDE74 /* ViewController.swift in Sources */ = {isa = PBXBuildFile; fileRef = AA2D93A526DCD0A5006FDE74 /* ViewController.swift */; };
		AA2D93A926DCD0A5006FDE74 /* Main.storyboard in Resources */ = {isa = PBXBuildFile; fileRef = AA2D93A726DCD0A5006FDE74 /* Main.storyboard */; };
		AA2D93AB26DCD0A7006FDE74 /* Assets.xcassets in Resources */ = {isa = PBXBuildFile; fileRef = AA2D93AA26DCD0A7006FDE74 /* Assets.xcassets */; };
		AA2D93AE26DCD0A7006FDE74 /* LaunchScreen.storyboard in Resources */ = {isa = PBXBuildFile; fileRef = AA2D93AC26DCD0A7006FDE74 /* LaunchScreen.storyboard */; };
/* End PBXBuildFile section */

/* Begin PBXFileReference section */
		8B0CDF7E054D9EF5E6860866 /* Pods-DropDown.release.xcconfig */ = {isa = PBXFileReference; includeInIndex = 1; lastKnownFileType = text.xcconfig; name = "Pods-DropDown.release.xcconfig"; path = "Target Support Files/Pods-DropDown/Pods-DropDown.release.xcconfig"; sourceTree = "<group>"; };
		AA271E200CFAF918CF4DCE5B /* Pods-DropDown.debug.xcconfig */ = {isa = PBXFileReference; includeInIndex = 1; lastKnownFileType = text.xcconfig; name = "Pods-DropDown.debug.xcconfig"; path = "Target Support Files/Pods-DropDown/Pods-DropDown.debug.xcconfig"; sourceTree = "<group>"; };
		AA2D939E26DCD0A5006FDE74 /* DropDown.app */ = {isa = PBXFileReference; explicitFileType = wrapper.application; includeInIndex = 0; path = DropDown.app; sourceTree = BUILT_PRODUCTS_DIR; };
		AA2D93A126DCD0A5006FDE74 /* AppDelegate.swift */ = {isa = PBXFileReference; lastKnownFileType = sourcecode.swift; path = AppDelegate.swift; sourceTree = "<group>"; };
		AA2D93A326DCD0A5006FDE74 /* SceneDelegate.swift */ = {isa = PBXFileReference; lastKnownFileType = sourcecode.swift; path = SceneDelegate.swift; sourceTree = "<group>"; };
		AA2D93A526DCD0A5006FDE74 /* ViewController.swift */ = {isa = PBXFileReference; lastKnownFileType = sourcecode.swift; path = ViewController.swift; sourceTree = "<group>"; };
		AA2D93A826DCD0A5006FDE74 /* Base */ = {isa = PBXFileReference; lastKnownFileType = file.storyboard; name = Base; path = Base.lproj/Main.storyboard; sourceTree = "<group>"; };
		AA2D93AA26DCD0A7006FDE74 /* Assets.xcassets */ = {isa = PBXFileReference; lastKnownFileType = folder.assetcatalog; path = Assets.xcassets; sourceTree = "<group>"; };
		AA2D93AD26DCD0A7006FDE74 /* Base */ = {isa = PBXFileReference; lastKnownFileType = file.storyboard; name = Base; path = Base.lproj/LaunchScreen.storyboard; sourceTree = "<group>"; };
		AA2D93AF26DCD0A7006FDE74 /* Info.plist */ = {isa = PBXFileReference; lastKnownFileType = text.plist.xml; path = Info.plist; sourceTree = "<group>"; };
		B5778E47E78412DF03F247CF /* Pods_DropDown.framework */ = {isa = PBXFileReference; explicitFileType = wrapper.framework; includeInIndex = 0; path = Pods_DropDown.framework; sourceTree = BUILT_PRODUCTS_DIR; };
/* End PBXFileReference section */

/* Begin PBXFrameworksBuildPhase section */
		AA2D939B26DCD0A5006FDE74 /* Frameworks */ = {
			isa = PBXFrameworksBuildPhase;
			buildActionMask = 2147483647;
			files = (
				456A95C5E03D0D98DAB750BB /* Pods_DropDown.framework in Frameworks */,
			);
			runOnlyForDeploymentPostprocessing = 0;
		};
/* End PBXFrameworksBuildPhase section */

/* Begin PBXGroup section */
		632A792CD84F3A9AE8312B32 /* Pods */ = {
			isa = PBXGroup;
			children = (
				AA271E200CFAF918CF4DCE5B /* Pods-DropDown.debug.xcconfig */,
				8B0CDF7E054D9EF5E6860866 /* Pods-DropDown.release.xcconfig */,
			);
			name = Pods;
			path = Pods;
			sourceTree = "<group>";
		};
		A5E38ADB190241ECC0A963C5 /* Frameworks */ = {
			isa = PBXGroup;
			children = (
				B5778E47E78412DF03F247CF /* Pods_DropDown.framework */,
			);
			name = Frameworks;
			sourceTree = "<group>";
		};
		AA2D939526DCD0A5006FDE74 = {
			isa = PBXGroup;
			children = (
				AA2D93A026DCD0A5006FDE74 /* DropDown */,
				AA2D939F26DCD0A5006FDE74 /* Products */,
				632A792CD84F3A9AE8312B32 /* Pods */,
				A5E38ADB190241ECC0A963C5 /* Frameworks */,
			);
			sourceTree = "<group>";
		};
		AA2D939F26DCD0A5006FDE74 /* Products */ = {
			isa = PBXGroup;
			children = (
				AA2D939E26DCD0A5006FDE74 /* DropDown.app */,
			);
			name = Products;
			sourceTree = "<group>";
		};
		AA2D93A026DCD0A5006FDE74 /* DropDown */ = {
			isa = PBXGroup;
			children = (
				AA2D93A126DCD0A5006FDE74 /* AppDelegate.swift */,
				AA2D93A326DCD0A5006FDE74 /* SceneDelegate.swift */,
				AA2D93A526DCD0A5006FDE74 /* ViewController.swift */,
				AA2D93A726DCD0A5006FDE74 /* Main.storyboard */,
				AA2D93AA26DCD0A7006FDE74 /* Assets.xcassets */,
				AA2D93AC26DCD0A7006FDE74 /* LaunchScreen.storyboard */,
				AA2D93AF26DCD0A7006FDE74 /* Info.plist */,
			);
			path = DropDown;
			sourceTree = "<group>";
		};
/* End PBXGroup section */

/* Begin PBXNativeTarget section */
		AA2D939D26DCD0A5006FDE74 /* DropDown */ = {
			isa = PBXNativeTarget;
			buildConfigurationList = AA2D93B226DCD0A7006FDE74 /* Build configuration list for PBXNativeTarget "DropDown" */;
			buildPhases = (
				262FA7D80998720FA7E33168 /* [CP] Check Pods Manifest.lock */,
				AA2D939A26DCD0A5006FDE74 /* Sources */,
				AA2D939B26DCD0A5006FDE74 /* Frameworks */,
				AA2D939C26DCD0A5006FDE74 /* Resources */,
				EB85AB72B0ACC9231C0C4EFF /* [CP] Embed Pods Frameworks */,
			);
			buildRules = (
			);
			dependencies = (
			);
			name = DropDown;
			productName = DropDown;
			productReference = AA2D939E26DCD0A5006FDE74 /* DropDown.app */;
			productType = "com.apple.product-type.application";
		};
/* End PBXNativeTarget section */

/* Begin PBXProject section */
		AA2D939626DCD0A5006FDE74 /* Project object */ = {
			isa = PBXProject;
			attributes = {
				LastSwiftUpdateCheck = 1250;
				LastUpgradeCheck = 1250;
				TargetAttributes = {
					AA2D939D26DCD0A5006FDE74 = {
						CreatedOnToolsVersion = 12.5.1;
					};
				};
			};
			buildConfigurationList = AA2D939926DCD0A5006FDE74 /* Build configuration list for PBXProject "DropDown" */;
			compatibilityVersion = "Xcode 9.3";
			developmentRegion = en;
			hasScannedForEncodings = 0;
			knownRegions = (
				en,
				Base,
			);
			mainGroup = AA2D939526DCD0A5006FDE74;
			productRefGroup = AA2D939F26DCD0A5006FDE74 /* Products */;
			projectDirPath = "";
			projectRoot = "";
			targets = (
				AA2D939D26DCD0A5006FDE74 /* DropDown */,
			);
		};
/* End PBXProject section */

/* Begin PBXResourcesBuildPhase section */
		AA2D939C26DCD0A5006FDE74 /* Resources */ = {
			isa = PBXResourcesBuildPhase;
			buildActionMask = 2147483647;
			files = (
				AA2D93AE26DCD0A7006FDE74 /* LaunchScreen.storyboard in Resources */,
				AA2D93AB26DCD0A7006FDE74 /* Assets.xcassets in Resources */,
				AA2D93A926DCD0A5006FDE74 /* Main.storyboard in Resources */,
			);
			runOnlyForDeploymentPostprocessing = 0;
		};
/* End PBXResourcesBuildPhase section */

/* Begin PBXShellScriptBuildPhase section */
		262FA7D80998720FA7E33168 /* [CP] Check Pods Manifest.lock */ = {
			isa = PBXShellScriptBuildPhase;
			buildActionMask = 2147483647;
			files = (
			);
			inputFileListPaths = (
			);
			inputPaths = (
				"${PODS_PODFILE_DIR_PATH}/Podfile.lock",
				"${PODS_ROOT}/Manifest.lock",
			);
			name = "[CP] Check Pods Manifest.lock";
			outputFileListPaths = (
			);
			outputPaths = (
				"$(DERIVED_FILE_DIR)/Pods-DropDown-checkManifestLockResult.txt",
			);
			runOnlyForDeploymentPostprocessing = 0;
			shellPath = /bin/sh;
			shellScript = "diff \"${PODS_PODFILE_DIR_PATH}/Podfile.lock\" \"${PODS_ROOT}/Manifest.lock\" > /dev/null\nif [ $? != 0 ] ; then\n    # print error to STDERR\n    echo \"error: The sandbox is not in sync with the Podfile.lock. Run 'pod install' or update your CocoaPods installation.\" >&2\n    exit 1\nfi\n# This output is used by Xcode 'outputs' to avoid re-running this script phase.\necho \"SUCCESS\" > \"${SCRIPT_OUTPUT_FILE_0}\"\n";
			showEnvVarsInLog = 0;
		};
		EB85AB72B0ACC9231C0C4EFF /* [CP] Embed Pods Frameworks */ = {
			isa = PBXShellScriptBuildPhase;
			buildActionMask = 2147483647;
			files = (
			);
			inputFileListPaths = (
				"${PODS_ROOT}/Target Support Files/Pods-DropDown/Pods-DropDown-frameworks-${CONFIGURATION}-input-files.xcfilelist",
			);
			name = "[CP] Embed Pods Frameworks";
			outputFileListPaths = (
				"${PODS_ROOT}/Target Support Files/Pods-DropDown/Pods-DropDown-frameworks-${CONFIGURATION}-output-files.xcfilelist",
			);
			runOnlyForDeploymentPostprocessing = 0;
			shellPath = /bin/sh;
			shellScript = "\"${PODS_ROOT}/Target Support Files/Pods-DropDown/Pods-DropDown-frameworks.sh\"\n";
			showEnvVarsInLog = 0;
		};
/* End PBXShellScriptBuildPhase section */

/* Begin PBXSourcesBuildPhase section */
		AA2D939A26DCD0A5006FDE74 /* Sources */ = {
			isa = PBXSourcesBuildPhase;
			buildActionMask = 2147483647;
			files = (
				AA2D93A626DCD0A5006FDE74 /* ViewController.swift in Sources */,
				AA2D93A226DCD0A5006FDE74 /* AppDelegate.swift in Sources */,
				AA2D93A426DCD0A5006FDE74 /* SceneDelegate.swift in Sources */,
			);
			runOnlyForDeploymentPostprocessing = 0;
		};
/* End PBXSourcesBuildPhase section */

/* Begin PBXVariantGroup section */
		AA2D93A726DCD0A5006FDE74 /* Main.storyboard */ = {
			isa = PBXVariantGroup;
			children = (
				AA2D93A826DCD0A5006FDE74 /* Base */,
			);
			name = Main.storyboard;
			sourceTree = "<group>";
		};
		AA2D93AC26DCD0A7006FDE74 /* LaunchScreen.storyboard */ = {
			isa = PBXVariantGroup;
			children = (
				AA2D93AD26DCD0A7006FDE74 /* Base */,
			);
			name = LaunchScreen.storyboard;
			sourceTree = "<group>";
		};
/* End PBXVariantGroup section */

/* Begin XCBuildConfiguration section */
		AA2D93B026DCD0A7006FDE74 /* Debug */ = {
			isa = XCBuildConfiguration;
			buildSettings = {
				ALWAYS_SEARCH_USER_PATHS = NO;
				CLANG_ANALYZER_NONNULL = YES;
				CLANG_ANALYZER_NUMBER_OBJECT_CONVERSION = YES_AGGRESSIVE;
				CLANG_CXX_LANGUAGE_STANDARD = "gnu++14";
				CLANG_CXX_LIBRARY = "libc++";
				CLANG_ENABLE_MODULES = YES;
				CLANG_ENABLE_OBJC_ARC = YES;
				CLANG_ENABLE_OBJC_WEAK = YES;
				CLANG_WARN_BLOCK_CAPTURE_AUTORELEASING = YES;
				CLANG_WARN_BOOL_CONVERSION = YES;
				CLANG_WARN_COMMA = YES;
				CLANG_WARN_CONSTANT_CONVERSION = YES;
				CLANG_WARN_DEPRECATED_OBJC_IMPLEMENTATIONS = YES;
				CLANG_WARN_DIRECT_OBJC_ISA_USAGE = YES_ERROR;
				CLANG_WARN_DOCUMENTATION_COMMENTS = YES;
				CLANG_WARN_EMPTY_BODY = YES;
				CLANG_WARN_ENUM_CONVERSION = YES;
				CLANG_WARN_INFINITE_RECURSION = YES;
				CLANG_WARN_INT_CONVERSION = YES;
				CLANG_WARN_NON_LITERAL_NULL_CONVERSION = YES;
				CLANG_WARN_OBJC_IMPLICIT_RETAIN_SELF = YES;
				CLANG_WARN_OBJC_LITERAL_CONVERSION = YES;
				CLANG_WARN_OBJC_ROOT_CLASS = YES_ERROR;
				CLANG_WARN_QUOTED_INCLUDE_IN_FRAMEWORK_HEADER = YES;
				CLANG_WARN_RANGE_LOOP_ANALYSIS = YES;
				CLANG_WARN_STRICT_PROTOTYPES = YES;
				CLANG_WARN_SUSPICIOUS_MOVE = YES;
				CLANG_WARN_UNGUARDED_AVAILABILITY = YES_AGGRESSIVE;
				CLANG_WARN_UNREACHABLE_CODE = YES;
				CLANG_WARN__DUPLICATE_METHOD_MATCH = YES;
				COPY_PHASE_STRIP = NO;
				DEBUG_INFORMATION_FORMAT = dwarf;
				ENABLE_STRICT_OBJC_MSGSEND = YES;
				ENABLE_TESTABILITY = YES;
				GCC_C_LANGUAGE_STANDARD = gnu11;
				GCC_DYNAMIC_NO_PIC = NO;
				GCC_NO_COMMON_BLOCKS = YES;
				GCC_OPTIMIZATION_LEVEL = 0;
				GCC_PREPROCESSOR_DEFINITIONS = (
					"DEBUG=1",
					"$(inherited)",
				);
				GCC_WARN_64_TO_32_BIT_CONVERSION = YES;
				GCC_WARN_ABOUT_RETURN_TYPE = YES_ERROR;
				GCC_WARN_UNDECLARED_SELECTOR = YES;
				GCC_WARN_UNINITIALIZED_AUTOS = YES_AGGRESSIVE;
				GCC_WARN_UNUSED_FUNCTION = YES;
				GCC_WARN_UNUSED_VARIABLE = YES;
				IPHONEOS_DEPLOYMENT_TARGET = 14.5;
				MTL_ENABLE_DEBUG_INFO = INCLUDE_SOURCE;
				MTL_FAST_MATH = YES;
				ONLY_ACTIVE_ARCH = YES;
				SDKROOT = iphoneos;
				SWIFT_ACTIVE_COMPILATION_CONDITIONS = DEBUG;
				SWIFT_OPTIMIZATION_LEVEL = "-Onone";
			};
			name = Debug;
		};
		AA2D93B126DCD0A7006FDE74 /* Release */ = {
			isa = XCBuildConfiguration;
			buildSettings = {
				ALWAYS_SEARCH_USER_PATHS = NO;
				CLANG_ANALYZER_NONNULL = YES;
				CLANG_ANALYZER_NUMBER_OBJECT_CONVERSION = YES_AGGRESSIVE;
				CLANG_CXX_LANGUAGE_STANDARD = "gnu++14";
				CLANG_CXX_LIBRARY = "libc++";
				CLANG_ENABLE_MODULES = YES;
				CLANG_ENABLE_OBJC_ARC = YES;
				CLANG_ENABLE_OBJC_WEAK = YES;
				CLANG_WARN_BLOCK_CAPTURE_AUTORELEASING = YES;
				CLANG_WARN_BOOL_CONVERSION = YES;
				CLANG_WARN_COMMA = YES;
				CLANG_WARN_CONSTANT_CONVERSION = YES;
				CLANG_WARN_DEPRECATED_OBJC_IMPLEMENTATIONS = YES;
				CLANG_WARN_DIRECT_OBJC_ISA_USAGE = YES_ERROR;
				CLANG_WARN_DOCUMENTATION_COMMENTS = YES;
				CLANG_WARN_EMPTY_BODY = YES;
				CLANG_WARN_ENUM_CONVERSION = YES;
				CLANG_WARN_INFINITE_RECURSION = YES;
				CLANG_WARN_INT_CONVERSION = YES;
				CLANG_WARN_NON_LITERAL_NULL_CONVERSION = YES;
				CLANG_WARN_OBJC_IMPLICIT_RETAIN_SELF = YES;
				CLANG_WARN_OBJC_LITERAL_CONVERSION = YES;
				CLANG_WARN_OBJC_ROOT_CLASS = YES_ERROR;
				CLANG_WARN_QUOTED_INCLUDE_IN_FRAMEWORK_HEADER = YES;
				CLANG_WARN_RANGE_LOOP_ANALYSIS = YES;
				CLANG_WARN_STRICT_PROTOTYPES = YES;
				CLANG_WARN_SUSPICIOUS_MOVE = YES;
				CLANG_WARN_UNGUARDED_AVAILABILITY = YES_AGGRESSIVE;
				CLANG_WARN_UNREACHABLE_CODE = YES;
				CLANG_WARN__DUPLICATE_METHOD_MATCH = YES;
				COPY_PHASE_STRIP = NO;
				DEBUG_INFORMATION_FORMAT = "dwarf-with-dsym";
				ENABLE_NS_ASSERTIONS = NO;
				ENABLE_STRICT_OBJC_MSGSEND = YES;
				GCC_C_LANGUAGE_STANDARD = gnu11;
				GCC_NO_COMMON_BLOCKS = YES;
				GCC_WARN_64_TO_32_BIT_CONVERSION = YES;
				GCC_WARN_ABOUT_RETURN_TYPE = YES_ERROR;
				GCC_WARN_UNDECLARED_SELECTOR = YES;
				GCC_WARN_UNINITIALIZED_AUTOS = YES_AGGRESSIVE;
				GCC_WARN_UNUSED_FUNCTION = YES;
				GCC_WARN_UNUSED_VARIABLE = YES;
				IPHONEOS_DEPLOYMENT_TARGET = 14.5;
				MTL_ENABLE_DEBUG_INFO = NO;
				MTL_FAST_MATH = YES;
				SDKROOT = iphoneos;
				SWIFT_COMPILATION_MODE = wholemodule;
				SWIFT_OPTIMIZATION_LEVEL = "-O";
				VALIDATE_PRODUCT = YES;
			};
			name = Release;
		};
		AA2D93B326DCD0A7006FDE74 /* Debug */ = {
			isa = XCBuildConfiguration;
			baseConfigurationReference = AA271E200CFAF918CF4DCE5B /* Pods-DropDown.debug.xcconfig */;
			buildSettings = {
				ASSETCATALOG_COMPILER_APPICON_NAME = AppIcon;
				ASSETCATALOG_COMPILER_GLOBAL_ACCENT_COLOR_NAME = AccentColor;
				CODE_SIGN_STYLE = Automatic;
				DEVELOPMENT_TEAM = P275SPG67W;
				INFOPLIST_FILE = DropDown/Info.plist;
				LD_RUNPATH_SEARCH_PATHS = (
					"$(inherited)",
					"@executable_path/Frameworks",
				);
				PRODUCT_BUNDLE_IDENTIFIER = com.yeonju.DropDown;
				PRODUCT_NAME = "$(TARGET_NAME)";
				SWIFT_VERSION = 5.0;
				TARGETED_DEVICE_FAMILY = "1,2";
			};
			name = Debug;
		};
		AA2D93B426DCD0A7006FDE74 /* Release */ = {
			isa = XCBuildConfiguration;
			baseConfigurationReference = 8B0CDF7E054D9EF5E6860866 /* Pods-DropDown.release.xcconfig */;
			buildSettings = {
				ASSETCATALOG_COMPILER_APPICON_NAME = AppIcon;
				ASSETCATALOG_COMPILER_GLOBAL_ACCENT_COLOR_NAME = AccentColor;
				CODE_SIGN_STYLE = Automatic;
				DEVELOPMENT_TEAM = P275SPG67W;
				INFOPLIST_FILE = DropDown/Info.plist;
				LD_RUNPATH_SEARCH_PATHS = (
					"$(inherited)",
					"@executable_path/Frameworks",
				);
				PRODUCT_BUNDLE_IDENTIFIER = com.yeonju.DropDown;
				PRODUCT_NAME = "$(TARGET_NAME)";
				SWIFT_VERSION = 5.0;
				TARGETED_DEVICE_FAMILY = "1,2";
			};
			name = Release;
		};
/* End XCBuildConfiguration section */

/* Begin XCConfigurationList section */
		AA2D939926DCD0A5006FDE74 /* Build configuration list for PBXProject "DropDown" */ = {
			isa = XCConfigurationList;
			buildConfigurations = (
				AA2D93B026DCD0A7006FDE74 /* Debug */,
				AA2D93B126DCD0A7006FDE74 /* Release */,
			);
			defaultConfigurationIsVisible = 0;
			defaultConfigurationName = Release;
		};
		AA2D93B226DCD0A7006FDE74 /* Build configuration list for PBXNativeTarget "DropDown" */ = {
			isa = XCConfigurationList;
			buildConfigurations = (
				AA2D93B326DCD0A7006FDE74 /* Debug */,
				AA2D93B426DCD0A7006FDE74 /* Release */,
			);
			defaultConfigurationIsVisible = 0;
			defaultConfigurationName = Release;
		};
/* End XCConfigurationList section */
	};
	rootObject = AA2D939626DCD0A5006FDE74 /* Project object */;
}
