// !$*UTF8*$!
{
	archiveVersion = 1;
	classes = {
	};
	objectVersion = 55;
	objects = {

/* Begin PBXBuildFile section */
		AA572C93286DE0FF007E8E05 /* AppDelegate.swift in Sources */ = {isa = PBXBuildFile; fileRef = AA572C92286DE0FF007E8E05 /* AppDelegate.swift */; };
		AA572C95286DE0FF007E8E05 /* SceneDelegate.swift in Sources */ = {isa = PBXBuildFile; fileRef = AA572C94286DE0FF007E8E05 /* SceneDelegate.swift */; };
		AA572C97286DE0FF007E8E05 /* ViewController.swift in Sources */ = {isa = PBXBuildFile; fileRef = AA572C96286DE0FF007E8E05 /* ViewController.swift */; };
		AA572C9A286DE0FF007E8E05 /* Main.storyboard in Resources */ = {isa = PBXBuildFile; fileRef = AA572C98286DE0FF007E8E05 /* Main.storyboard */; };
		AA572C9C286DE100007E8E05 /* Assets.xcassets in Resources */ = {isa = PBXBuildFile; fileRef = AA572C9B286DE100007E8E05 /* Assets.xcassets */; };
		AA572C9F286DE100007E8E05 /* LaunchScreen.storyboard in Resources */ = {isa = PBXBuildFile; fileRef = AA572C9D286DE100007E8E05 /* LaunchScreen.storyboard */; };
		AA572CA8286DE18D007E8E05 /* SnapKit in Frameworks */ = {isa = PBXBuildFile; productRef = AA572CA7286DE18D007E8E05 /* SnapKit */; };
		AA572CAB286DE1B7007E8E05 /* Then in Frameworks */ = {isa = PBXBuildFile; productRef = AA572CAA286DE1B7007E8E05 /* Then */; };
/* End PBXBuildFile section */

/* Begin PBXFileReference section */
		AA572C8F286DE0FF007E8E05 /* SwiftPackageManager.app */ = {isa = PBXFileReference; explicitFileType = wrapper.application; includeInIndex = 0; path = SwiftPackageManager.app; sourceTree = BUILT_PRODUCTS_DIR; };
		AA572C92286DE0FF007E8E05 /* AppDelegate.swift */ = {isa = PBXFileReference; lastKnownFileType = sourcecode.swift; path = AppDelegate.swift; sourceTree = "<group>"; };
		AA572C94286DE0FF007E8E05 /* SceneDelegate.swift */ = {isa = PBXFileReference; lastKnownFileType = sourcecode.swift; path = SceneDelegate.swift; sourceTree = "<group>"; };
		AA572C96286DE0FF007E8E05 /* ViewController.swift */ = {isa = PBXFileReference; lastKnownFileType = sourcecode.swift; path = ViewController.swift; sourceTree = "<group>"; };
		AA572C99286DE0FF007E8E05 /* Base */ = {isa = PBXFileReference; lastKnownFileType = file.storyboard; name = Base; path = Base.lproj/Main.storyboard; sourceTree = "<group>"; };
		AA572C9B286DE100007E8E05 /* Assets.xcassets */ = {isa = PBXFileReference; lastKnownFileType = folder.assetcatalog; path = Assets.xcassets; sourceTree = "<group>"; };
		AA572C9E286DE100007E8E05 /* Base */ = {isa = PBXFileReference; lastKnownFileType = file.storyboard; name = Base; path = Base.lproj/LaunchScreen.storyboard; sourceTree = "<group>"; };
		AA572CA0286DE100007E8E05 /* Info.plist */ = {isa = PBXFileReference; lastKnownFileType = text.plist.xml; path = Info.plist; sourceTree = "<group>"; };
/* End PBXFileReference section */

/* Begin PBXFrameworksBuildPhase section */
		AA572C8C286DE0FF007E8E05 /* Frameworks */ = {
			isa = PBXFrameworksBuildPhase;
			buildActionMask = 2147483647;
			files = (
				AA572CA8286DE18D007E8E05 /* SnapKit in Frameworks */,
				AA572CAB286DE1B7007E8E05 /* Then in Frameworks */,
			);
			runOnlyForDeploymentPostprocessing = 0;
		};
/* End PBXFrameworksBuildPhase section */

/* Begin PBXGroup section */
		AA572C86286DE0FF007E8E05 = {
			isa = PBXGroup;
			children = (
				AA572C91286DE0FF007E8E05 /* SwiftPackageManager */,
				AA572C90286DE0FF007E8E05 /* Products */,
			);
			sourceTree = "<group>";
		};
		AA572C90286DE0FF007E8E05 /* Products */ = {
			isa = PBXGroup;
			children = (
				AA572C8F286DE0FF007E8E05 /* SwiftPackageManager.app */,
			);
			name = Products;
			sourceTree = "<group>";
		};
		AA572C91286DE0FF007E8E05 /* SwiftPackageManager */ = {
			isa = PBXGroup;
			children = (
				AA572C92286DE0FF007E8E05 /* AppDelegate.swift */,
				AA572C94286DE0FF007E8E05 /* SceneDelegate.swift */,
				AA572C96286DE0FF007E8E05 /* ViewController.swift */,
				AA572C98286DE0FF007E8E05 /* Main.storyboard */,
				AA572C9B286DE100007E8E05 /* Assets.xcassets */,
				AA572C9D286DE100007E8E05 /* LaunchScreen.storyboard */,
				AA572CA0286DE100007E8E05 /* Info.plist */,
			);
			path = SwiftPackageManager;
			sourceTree = "<group>";
		};
/* End PBXGroup section */

/* Begin PBXNativeTarget section */
		AA572C8E286DE0FF007E8E05 /* SwiftPackageManager */ = {
			isa = PBXNativeTarget;
			buildConfigurationList = AA572CA3286DE100007E8E05 /* Build configuration list for PBXNativeTarget "SwiftPackageManager" */;
			buildPhases = (
				AA572C8B286DE0FF007E8E05 /* Sources */,
				AA572C8C286DE0FF007E8E05 /* Frameworks */,
				AA572C8D286DE0FF007E8E05 /* Resources */,
			);
			buildRules = (
			);
			dependencies = (
			);
			name = SwiftPackageManager;
			packageProductDependencies = (
				AA572CA7286DE18D007E8E05 /* SnapKit */,
				AA572CAA286DE1B7007E8E05 /* Then */,
			);
			productName = SwiftPackageManager;
			productReference = AA572C8F286DE0FF007E8E05 /* SwiftPackageManager.app */;
			productType = "com.apple.product-type.application";
		};
/* End PBXNativeTarget section */

/* Begin PBXProject section */
		AA572C87286DE0FF007E8E05 /* Project object */ = {
			isa = PBXProject;
			attributes = {
				BuildIndependentTargetsInParallel = 1;
				LastSwiftUpdateCheck = 1340;
				LastUpgradeCheck = 1340;
				TargetAttributes = {
					AA572C8E286DE0FF007E8E05 = {
						CreatedOnToolsVersion = 13.4.1;
					};
				};
			};
			buildConfigurationList = AA572C8A286DE0FF007E8E05 /* Build configuration list for PBXProject "SwiftPackageManager" */;
			compatibilityVersion = "Xcode 13.0";
			developmentRegion = en;
			hasScannedForEncodings = 0;
			knownRegions = (
				en,
				Base,
			);
			mainGroup = AA572C86286DE0FF007E8E05;
			packageReferences = (
				AA572CA6286DE18D007E8E05 /* XCRemoteSwiftPackageReference "SnapKit" */,
				AA572CA9286DE1B7007E8E05 /* XCRemoteSwiftPackageReference "Then" */,
			);
			productRefGroup = AA572C90286DE0FF007E8E05 /* Products */;
			projectDirPath = "";
			projectRoot = "";
			targets = (
				AA572C8E286DE0FF007E8E05 /* SwiftPackageManager */,
			);
		};
/* End PBXProject section */

/* Begin PBXResourcesBuildPhase section */
		AA572C8D286DE0FF007E8E05 /* Resources */ = {
			isa = PBXResourcesBuildPhase;
			buildActionMask = 2147483647;
			files = (
				AA572C9F286DE100007E8E05 /* LaunchScreen.storyboard in Resources */,
				AA572C9C286DE100007E8E05 /* Assets.xcassets in Resources */,
				AA572C9A286DE0FF007E8E05 /* Main.storyboard in Resources */,
			);
			runOnlyForDeploymentPostprocessing = 0;
		};
/* End PBXResourcesBuildPhase section */

/* Begin PBXSourcesBuildPhase section */
		AA572C8B286DE0FF007E8E05 /* Sources */ = {
			isa = PBXSourcesBuildPhase;
			buildActionMask = 2147483647;
			files = (
				AA572C97286DE0FF007E8E05 /* ViewController.swift in Sources */,
				AA572C93286DE0FF007E8E05 /* AppDelegate.swift in Sources */,
				AA572C95286DE0FF007E8E05 /* SceneDelegate.swift in Sources */,
			);
			runOnlyForDeploymentPostprocessing = 0;
		};
/* End PBXSourcesBuildPhase section */

/* Begin PBXVariantGroup section */
		AA572C98286DE0FF007E8E05 /* Main.storyboard */ = {
			isa = PBXVariantGroup;
			children = (
				AA572C99286DE0FF007E8E05 /* Base */,
			);
			name = Main.storyboard;
			sourceTree = "<group>";
		};
		AA572C9D286DE100007E8E05 /* LaunchScreen.storyboard */ = {
			isa = PBXVariantGroup;
			children = (
				AA572C9E286DE100007E8E05 /* Base */,
			);
			name = LaunchScreen.storyboard;
			sourceTree = "<group>";
		};
/* End PBXVariantGroup section */

/* Begin XCBuildConfiguration section */
		AA572CA1286DE100007E8E05 /* Debug */ = {
			isa = XCBuildConfiguration;
			buildSettings = {
				ALWAYS_SEARCH_USER_PATHS = NO;
				CLANG_ANALYZER_NONNULL = YES;
				CLANG_ANALYZER_NUMBER_OBJECT_CONVERSION = YES_AGGRESSIVE;
				CLANG_CXX_LANGUAGE_STANDARD = "gnu++17";
				CLANG_ENABLE_MODULES = YES;
				CLANG_ENABLE_OBJC_ARC = YES;
				CLANG_ENABLE_OBJC_WEAK = YES;
				CLANG_WARN_BLOCK_CAPTURE_AUTORELEASING = YES;
				CLANG_WARN_BOOL_CONVERSION = YES;
				CLANG_WARN_COMMA = YES;
				CLANG_WARN_CONSTANT_CONVERSION = YES;
				CLANG_WARN_DEPRECATED_OBJC_IMPLEMENTATIONS = YES;
				CLANG_WARN_DIRECT_OBJC_ISA_USAGE = YES_ERROR;
				CLANG_WARN_DOCUMENTATION_COMMENTS = YES;
				CLANG_WARN_EMPTY_BODY = YES;
				CLANG_WARN_ENUM_CONVERSION = YES;
				CLANG_WARN_INFINITE_RECURSION = YES;
				CLANG_WARN_INT_CONVERSION = YES;
				CLANG_WARN_NON_LITERAL_NULL_CONVERSION = YES;
				CLANG_WARN_OBJC_IMPLICIT_RETAIN_SELF = YES;
				CLANG_WARN_OBJC_LITERAL_CONVERSION = YES;
				CLANG_WARN_OBJC_ROOT_CLASS = YES_ERROR;
				CLANG_WARN_QUOTED_INCLUDE_IN_FRAMEWORK_HEADER = YES;
				CLANG_WARN_RANGE_LOOP_ANALYSIS = YES;
				CLANG_WARN_STRICT_PROTOTYPES = YES;
				CLANG_WARN_SUSPICIOUS_MOVE = YES;
				CLANG_WARN_UNGUARDED_AVAILABILITY = YES_AGGRESSIVE;
				CLANG_WARN_UNREACHABLE_CODE = YES;
				CLANG_WARN__DUPLICATE_METHOD_MATCH = YES;
				COPY_PHASE_STRIP = NO;
				DEBUG_INFORMATION_FORMAT = dwarf;
				ENABLE_STRICT_OBJC_MSGSEND = YES;
				ENABLE_TESTABILITY = YES;
				GCC_C_LANGUAGE_STANDARD = gnu11;
				GCC_DYNAMIC_NO_PIC = NO;
				GCC_NO_COMMON_BLOCKS = YES;
				GCC_OPTIMIZATION_LEVEL = 0;
				GCC_PREPROCESSOR_DEFINITIONS = (
					"DEBUG=1",
					"$(inherited)",
				);
				GCC_WARN_64_TO_32_BIT_CONVERSION = YES;
				GCC_WARN_ABOUT_RETURN_TYPE = YES_ERROR;
				GCC_WARN_UNDECLARED_SELECTOR = YES;
				GCC_WARN_UNINITIALIZED_AUTOS = YES_AGGRESSIVE;
				GCC_WARN_UNUSED_FUNCTION = YES;
				GCC_WARN_UNUSED_VARIABLE = YES;
				IPHONEOS_DEPLOYMENT_TARGET = 15.5;
				MTL_ENABLE_DEBUG_INFO = INCLUDE_SOURCE;
				MTL_FAST_MATH = YES;
				ONLY_ACTIVE_ARCH = YES;
				SDKROOT = iphoneos;
				SWIFT_ACTIVE_COMPILATION_CONDITIONS = DEBUG;
				SWIFT_OPTIMIZATION_LEVEL = "-Onone";
			};
			name = Debug;
		};
		AA572CA2286DE100007E8E05 /* Release */ = {
			isa = XCBuildConfiguration;
			buildSettings = {
				ALWAYS_SEARCH_USER_PATHS = NO;
				CLANG_ANALYZER_NONNULL = YES;
				CLANG_ANALYZER_NUMBER_OBJECT_CONVERSION = YES_AGGRESSIVE;
				CLANG_CXX_LANGUAGE_STANDARD = "gnu++17";
				CLANG_ENABLE_MODULES = YES;
				CLANG_ENABLE_OBJC_ARC = YES;
				CLANG_ENABLE_OBJC_WEAK = YES;
				CLANG_WARN_BLOCK_CAPTURE_AUTORELEASING = YES;
				CLANG_WARN_BOOL_CONVERSION = YES;
				CLANG_WARN_COMMA = YES;
				CLANG_WARN_CONSTANT_CONVERSION = YES;
				CLANG_WARN_DEPRECATED_OBJC_IMPLEMENTATIONS = YES;
				CLANG_WARN_DIRECT_OBJC_ISA_USAGE = YES_ERROR;
				CLANG_WARN_DOCUMENTATION_COMMENTS = YES;
				CLANG_WARN_EMPTY_BODY = YES;
				CLANG_WARN_ENUM_CONVERSION = YES;
				CLANG_WARN_INFINITE_RECURSION = YES;
				CLANG_WARN_INT_CONVERSION = YES;
				CLANG_WARN_NON_LITERAL_NULL_CONVERSION = YES;
				CLANG_WARN_OBJC_IMPLICIT_RETAIN_SELF = YES;
				CLANG_WARN_OBJC_LITERAL_CONVERSION = YES;
				CLANG_WARN_OBJC_ROOT_CLASS = YES_ERROR;
				CLANG_WARN_QUOTED_INCLUDE_IN_FRAMEWORK_HEADER = YES;
				CLANG_WARN_RANGE_LOOP_ANALYSIS = YES;
				CLANG_WARN_STRICT_PROTOTYPES = YES;
				CLANG_WARN_SUSPICIOUS_MOVE = YES;
				CLANG_WARN_UNGUARDED_AVAILABILITY = YES_AGGRESSIVE;
				CLANG_WARN_UNREACHABLE_CODE = YES;
				CLANG_WARN__DUPLICATE_METHOD_MATCH = YES;
				COPY_PHASE_STRIP = NO;
				DEBUG_INFORMATION_FORMAT = "dwarf-with-dsym";
				ENABLE_NS_ASSERTIONS = NO;
				ENABLE_STRICT_OBJC_MSGSEND = YES;
				GCC_C_LANGUAGE_STANDARD = gnu11;
				GCC_NO_COMMON_BLOCKS = YES;
				GCC_WARN_64_TO_32_BIT_CONVERSION = YES;
				GCC_WARN_ABOUT_RETURN_TYPE = YES_ERROR;
				GCC_WARN_UNDECLARED_SELECTOR = YES;
				GCC_WARN_UNINITIALIZED_AUTOS = YES_AGGRESSIVE;
				GCC_WARN_UNUSED_FUNCTION = YES;
				GCC_WARN_UNUSED_VARIABLE = YES;
				IPHONEOS_DEPLOYMENT_TARGET = 15.5;
				MTL_ENABLE_DEBUG_INFO = NO;
				MTL_FAST_MATH = YES;
				SDKROOT = iphoneos;
				SWIFT_COMPILATION_MODE = wholemodule;
				SWIFT_OPTIMIZATION_LEVEL = "-O";
				VALIDATE_PRODUCT = YES;
			};
			name = Release;
		};
		AA572CA4286DE100007E8E05 /* Debug */ = {
			isa = XCBuildConfiguration;
			buildSettings = {
				ASSETCATALOG_COMPILER_APPICON_NAME = AppIcon;
				ASSETCATALOG_COMPILER_GLOBAL_ACCENT_COLOR_NAME = AccentColor;
				CODE_SIGN_STYLE = Automatic;
				CURRENT_PROJECT_VERSION = 1;
				DEVELOPMENT_TEAM = P275SPG67W;
				GENERATE_INFOPLIST_FILE = YES;
				INFOPLIST_FILE = SwiftPackageManager/Info.plist;
				INFOPLIST_KEY_UIApplicationSupportsIndirectInputEvents = YES;
				INFOPLIST_KEY_UILaunchStoryboardName = LaunchScreen;
				INFOPLIST_KEY_UIMainStoryboardFile = Main;
				INFOPLIST_KEY_UISupportedInterfaceOrientations_iPad = "UIInterfaceOrientationPortrait UIInterfaceOrientationPortraitUpsideDown UIInterfaceOrientationLandscapeLeft UIInterfaceOrientationLandscapeRight";
				INFOPLIST_KEY_UISupportedInterfaceOrientations_iPhone = "UIInterfaceOrientationPortrait UIInterfaceOrientationLandscapeLeft UIInterfaceOrientationLandscapeRight";
				LD_RUNPATH_SEARCH_PATHS = (
					"$(inherited)",
					"@executable_path/Frameworks",
				);
				MARKETING_VERSION = 1.0;
				PRODUCT_BUNDLE_IDENTIFIER = com.yeonju.SwiftPackageManager;
				PRODUCT_NAME = "$(TARGET_NAME)";
				SWIFT_EMIT_LOC_STRINGS = YES;
				SWIFT_VERSION = 5.0;
				TARGETED_DEVICE_FAMILY = "1,2";
			};
			name = Debug;
		};
		AA572CA5286DE100007E8E05 /* Release */ = {
			isa = XCBuildConfiguration;
			buildSettings = {
				ASSETCATALOG_COMPILER_APPICON_NAME = AppIcon;
				ASSETCATALOG_COMPILER_GLOBAL_ACCENT_COLOR_NAME = AccentColor;
				CODE_SIGN_STYLE = Automatic;
				CURRENT_PROJECT_VERSION = 1;
				DEVELOPMENT_TEAM = P275SPG67W;
				GENERATE_INFOPLIST_FILE = YES;
				INFOPLIST_FILE = SwiftPackageManager/Info.plist;
				INFOPLIST_KEY_UIApplicationSupportsIndirectInputEvents = YES;
				INFOPLIST_KEY_UILaunchStoryboardName = LaunchScreen;
				INFOPLIST_KEY_UIMainStoryboardFile = Main;
				INFOPLIST_KEY_UISupportedInterfaceOrientations_iPad = "UIInterfaceOrientationPortrait UIInterfaceOrientationPortraitUpsideDown UIInterfaceOrientationLandscapeLeft UIInterfaceOrientationLandscapeRight";
				INFOPLIST_KEY_UISupportedInterfaceOrientations_iPhone = "UIInterfaceOrientationPortrait UIInterfaceOrientationLandscapeLeft UIInterfaceOrientationLandscapeRight";
				LD_RUNPATH_SEARCH_PATHS = (
					"$(inherited)",
					"@executable_path/Frameworks",
				);
				MARKETING_VERSION = 1.0;
				PRODUCT_BUNDLE_IDENTIFIER = com.yeonju.SwiftPackageManager;
				PRODUCT_NAME = "$(TARGET_NAME)";
				SWIFT_EMIT_LOC_STRINGS = YES;
				SWIFT_VERSION = 5.0;
				TARGETED_DEVICE_FAMILY = "1,2";
			};
			name = Release;
		};
/* End XCBuildConfiguration section */

/* Begin XCConfigurationList section */
		AA572C8A286DE0FF007E8E05 /* Build configuration list for PBXProject "SwiftPackageManager" */ = {
			isa = XCConfigurationList;
			buildConfigurations = (
				AA572CA1286DE100007E8E05 /* Debug */,
				AA572CA2286DE100007E8E05 /* Release */,
			);
			defaultConfigurationIsVisible = 0;
			defaultConfigurationName = Release;
		};
		AA572CA3286DE100007E8E05 /* Build configuration list for PBXNativeTarget "SwiftPackageManager" */ = {
			isa = XCConfigurationList;
			buildConfigurations = (
				AA572CA4286DE100007E8E05 /* Debug */,
				AA572CA5286DE100007E8E05 /* Release */,
			);
			defaultConfigurationIsVisible = 0;
			defaultConfigurationName = Release;
		};
/* End XCConfigurationList section */

/* Begin XCRemoteSwiftPackageReference section */
		AA572CA6286DE18D007E8E05 /* XCRemoteSwiftPackageReference "SnapKit" */ = {
			isa = XCRemoteSwiftPackageReference;
			repositoryURL = "https://github.com/SnapKit/SnapKit";
			requirement = {
				kind = upToNextMajorVersion;
				minimumVersion = 5.0.0;
			};
		};
		AA572CA9286DE1B7007E8E05 /* XCRemoteSwiftPackageReference "Then" */ = {
			isa = XCRemoteSwiftPackageReference;
			repositoryURL = "https://github.com/devxoul/Then";
			requirement = {
				kind = upToNextMajorVersion;
				minimumVersion = 3.0.0;
			};
		};
/* End XCRemoteSwiftPackageReference section */

/* Begin XCSwiftPackageProductDependency section */
		AA572CA7286DE18D007E8E05 /* SnapKit */ = {
			isa = XCSwiftPackageProductDependency;
			package = AA572CA6286DE18D007E8E05 /* XCRemoteSwiftPackageReference "SnapKit" */;
			productName = SnapKit;
		};
		AA572CAA286DE1B7007E8E05 /* Then */ = {
			isa = XCSwiftPackageProductDependency;
			package = AA572CA9286DE1B7007E8E05 /* XCRemoteSwiftPackageReference "Then" */;
			productName = Then;
		};
/* End XCSwiftPackageProductDependency section */
	};
	rootObject = AA572C87286DE0FF007E8E05 /* Project object */;
}
