// !$*UTF8*$!
{
	archiveVersion = 1;
	classes = {
	};
	objectVersion = 50;
	objects = {

/* Begin PBXBuildFile section */
		AA478B6426F07EAF009C628B /* AppDelegate.swift in Sources */ = {isa = PBXBuildFile; fileRef = AA478B6326F07EAF009C628B /* AppDelegate.swift */; };
		AA478B6626F07EAF009C628B /* SceneDelegate.swift in Sources */ = {isa = PBXBuildFile; fileRef = AA478B6526F07EAF009C628B /* SceneDelegate.swift */; };
		AA478B6826F07EAF009C628B /* ViewController.swift in Sources */ = {isa = PBXBuildFile; fileRef = AA478B6726F07EAF009C628B /* ViewController.swift */; };
		AA478B6B26F07EAF009C628B /* Main.storyboard in Resources */ = {isa = PBXBuildFile; fileRef = AA478B6926F07EAF009C628B /* Main.storyboard */; };
		AA478B6D26F07EB2009C628B /* Assets.xcassets in Resources */ = {isa = PBXBuildFile; fileRef = AA478B6C26F07EB2009C628B /* Assets.xcassets */; };
		AA478B7026F07EB2009C628B /* LaunchScreen.storyboard in Resources */ = {isa = PBXBuildFile; fileRef = AA478B6E26F07EB2009C628B /* LaunchScreen.storyboard */; };
		B0AD16F9EEC6B171C0E2F3AF /* Pods_ButtonHorizontalCollectionView.framework in Frameworks */ = {isa = PBXBuildFile; fileRef = 0E74B4C4303F3A28198B992C /* Pods_ButtonHorizontalCollectionView.framework */; };
/* End PBXBuildFile section */

/* Begin PBXFileReference section */
		0E74B4C4303F3A28198B992C /* Pods_ButtonHorizontalCollectionView.framework */ = {isa = PBXFileReference; explicitFileType = wrapper.framework; includeInIndex = 0; path = Pods_ButtonHorizontalCollectionView.framework; sourceTree = BUILT_PRODUCTS_DIR; };
		AA478B6026F07EAF009C628B /* ButtonHorizontalCollectionView.app */ = {isa = PBXFileReference; explicitFileType = wrapper.application; includeInIndex = 0; path = ButtonHorizontalCollectionView.app; sourceTree = BUILT_PRODUCTS_DIR; };
		AA478B6326F07EAF009C628B /* AppDelegate.swift */ = {isa = PBXFileReference; lastKnownFileType = sourcecode.swift; path = AppDelegate.swift; sourceTree = "<group>"; };
		AA478B6526F07EAF009C628B /* SceneDelegate.swift */ = {isa = PBXFileReference; lastKnownFileType = sourcecode.swift; path = SceneDelegate.swift; sourceTree = "<group>"; };
		AA478B6726F07EAF009C628B /* ViewController.swift */ = {isa = PBXFileReference; lastKnownFileType = sourcecode.swift; path = ViewController.swift; sourceTree = "<group>"; };
		AA478B6A26F07EAF009C628B /* Base */ = {isa = PBXFileReference; lastKnownFileType = file.storyboard; name = Base; path = Base.lproj/Main.storyboard; sourceTree = "<group>"; };
		AA478B6C26F07EB2009C628B /* Assets.xcassets */ = {isa = PBXFileReference; lastKnownFileType = folder.assetcatalog; path = Assets.xcassets; sourceTree = "<group>"; };
		AA478B6F26F07EB2009C628B /* Base */ = {isa = PBXFileReference; lastKnownFileType = file.storyboard; name = Base; path = Base.lproj/LaunchScreen.storyboard; sourceTree = "<group>"; };
		AA478B7126F07EB2009C628B /* Info.plist */ = {isa = PBXFileReference; lastKnownFileType = text.plist.xml; path = Info.plist; sourceTree = "<group>"; };
		E868D1D9B17542DE41277E34 /* Pods-ButtonHorizontalCollectionView.debug.xcconfig */ = {isa = PBXFileReference; includeInIndex = 1; lastKnownFileType = text.xcconfig; name = "Pods-ButtonHorizontalCollectionView.debug.xcconfig"; path = "Target Support Files/Pods-ButtonHorizontalCollectionView/Pods-ButtonHorizontalCollectionView.debug.xcconfig"; sourceTree = "<group>"; };
		EDFC2B2969715625FAE6C5EF /* Pods-ButtonHorizontalCollectionView.release.xcconfig */ = {isa = PBXFileReference; includeInIndex = 1; lastKnownFileType = text.xcconfig; name = "Pods-ButtonHorizontalCollectionView.release.xcconfig"; path = "Target Support Files/Pods-ButtonHorizontalCollectionView/Pods-ButtonHorizontalCollectionView.release.xcconfig"; sourceTree = "<group>"; };
/* End PBXFileReference section */

/* Begin PBXFrameworksBuildPhase section */
		AA478B5D26F07EAF009C628B /* Frameworks */ = {
			isa = PBXFrameworksBuildPhase;
			buildActionMask = 2147483647;
			files = (
				B0AD16F9EEC6B171C0E2F3AF /* Pods_ButtonHorizontalCollectionView.framework in Frameworks */,
			);
			runOnlyForDeploymentPostprocessing = 0;
		};
/* End PBXFrameworksBuildPhase section */

/* Begin PBXGroup section */
		37804716CD0C4875CED36C13 /* Pods */ = {
			isa = PBXGroup;
			children = (
				E868D1D9B17542DE41277E34 /* Pods-ButtonHorizontalCollectionView.debug.xcconfig */,
				EDFC2B2969715625FAE6C5EF /* Pods-ButtonHorizontalCollectionView.release.xcconfig */,
			);
			name = Pods;
			path = Pods;
			sourceTree = "<group>";
		};
		997EC8C36B392D006A2BA3F8 /* Frameworks */ = {
			isa = PBXGroup;
			children = (
				0E74B4C4303F3A28198B992C /* Pods_ButtonHorizontalCollectionView.framework */,
			);
			name = Frameworks;
			sourceTree = "<group>";
		};
		AA478B5726F07EAF009C628B = {
			isa = PBXGroup;
			children = (
				AA478B6226F07EAF009C628B /* ButtonHorizontalCollectionView */,
				AA478B6126F07EAF009C628B /* Products */,
				37804716CD0C4875CED36C13 /* Pods */,
				997EC8C36B392D006A2BA3F8 /* Frameworks */,
			);
			sourceTree = "<group>";
		};
		AA478B6126F07EAF009C628B /* Products */ = {
			isa = PBXGroup;
			children = (
				AA478B6026F07EAF009C628B /* ButtonHorizontalCollectionView.app */,
			);
			name = Products;
			sourceTree = "<group>";
		};
		AA478B6226F07EAF009C628B /* ButtonHorizontalCollectionView */ = {
			isa = PBXGroup;
			children = (
				AA478B6326F07EAF009C628B /* AppDelegate.swift */,
				AA478B6526F07EAF009C628B /* SceneDelegate.swift */,
				AA478B6726F07EAF009C628B /* ViewController.swift */,
				AA478B6926F07EAF009C628B /* Main.storyboard */,
				AA478B6C26F07EB2009C628B /* Assets.xcassets */,
				AA478B6E26F07EB2009C628B /* LaunchScreen.storyboard */,
				AA478B7126F07EB2009C628B /* Info.plist */,
			);
			path = ButtonHorizontalCollectionView;
			sourceTree = "<group>";
		};
/* End PBXGroup section */

/* Begin PBXNativeTarget section */
		AA478B5F26F07EAF009C628B /* ButtonHorizontalCollectionView */ = {
			isa = PBXNativeTarget;
			buildConfigurationList = AA478B7426F07EB2009C628B /* Build configuration list for PBXNativeTarget "ButtonHorizontalCollectionView" */;
			buildPhases = (
				BA44861B69085DE8A19DA71C /* [CP] Check Pods Manifest.lock */,
				AA478B5C26F07EAF009C628B /* Sources */,
				AA478B5D26F07EAF009C628B /* Frameworks */,
				AA478B5E26F07EAF009C628B /* Resources */,
				766643C9922B034CAEBA4127 /* [CP] Embed Pods Frameworks */,
			);
			buildRules = (
			);
			dependencies = (
			);
			name = ButtonHorizontalCollectionView;
			productName = ButtonHorizontalCollectionView;
			productReference = AA478B6026F07EAF009C628B /* ButtonHorizontalCollectionView.app */;
			productType = "com.apple.product-type.application";
		};
/* End PBXNativeTarget section */

/* Begin PBXProject section */
		AA478B5826F07EAF009C628B /* Project object */ = {
			isa = PBXProject;
			attributes = {
				LastSwiftUpdateCheck = 1250;
				LastUpgradeCheck = 1250;
				TargetAttributes = {
					AA478B5F26F07EAF009C628B = {
						CreatedOnToolsVersion = 12.5.1;
					};
				};
			};
			buildConfigurationList = AA478B5B26F07EAF009C628B /* Build configuration list for PBXProject "ButtonHorizontalCollectionView" */;
			compatibilityVersion = "Xcode 9.3";
			developmentRegion = en;
			hasScannedForEncodings = 0;
			knownRegions = (
				en,
				Base,
			);
			mainGroup = AA478B5726F07EAF009C628B;
			productRefGroup = AA478B6126F07EAF009C628B /* Products */;
			projectDirPath = "";
			projectRoot = "";
			targets = (
				AA478B5F26F07EAF009C628B /* ButtonHorizontalCollectionView */,
			);
		};
/* End PBXProject section */

/* Begin PBXResourcesBuildPhase section */
		AA478B5E26F07EAF009C628B /* Resources */ = {
			isa = PBXResourcesBuildPhase;
			buildActionMask = 2147483647;
			files = (
				AA478B7026F07EB2009C628B /* LaunchScreen.storyboard in Resources */,
				AA478B6D26F07EB2009C628B /* Assets.xcassets in Resources */,
				AA478B6B26F07EAF009C628B /* Main.storyboard in Resources */,
			);
			runOnlyForDeploymentPostprocessing = 0;
		};
/* End PBXResourcesBuildPhase section */

/* Begin PBXShellScriptBuildPhase section */
		766643C9922B034CAEBA4127 /* [CP] Embed Pods Frameworks */ = {
			isa = PBXShellScriptBuildPhase;
			buildActionMask = 2147483647;
			files = (
			);
			inputFileListPaths = (
				"${PODS_ROOT}/Target Support Files/Pods-ButtonHorizontalCollectionView/Pods-ButtonHorizontalCollectionView-frameworks-${CONFIGURATION}-input-files.xcfilelist",
			);
			name = "[CP] Embed Pods Frameworks";
			outputFileListPaths = (
				"${PODS_ROOT}/Target Support Files/Pods-ButtonHorizontalCollectionView/Pods-ButtonHorizontalCollectionView-frameworks-${CONFIGURATION}-output-files.xcfilelist",
			);
			runOnlyForDeploymentPostprocessing = 0;
			shellPath = /bin/sh;
			shellScript = "\"${PODS_ROOT}/Target Support Files/Pods-ButtonHorizontalCollectionView/Pods-ButtonHorizontalCollectionView-frameworks.sh\"\n";
			showEnvVarsInLog = 0;
		};
		BA44861B69085DE8A19DA71C /* [CP] Check Pods Manifest.lock */ = {
			isa = PBXShellScriptBuildPhase;
			buildActionMask = 2147483647;
			files = (
			);
			inputFileListPaths = (
			);
			inputPaths = (
				"${PODS_PODFILE_DIR_PATH}/Podfile.lock",
				"${PODS_ROOT}/Manifest.lock",
			);
			name = "[CP] Check Pods Manifest.lock";
			outputFileListPaths = (
			);
			outputPaths = (
				"$(DERIVED_FILE_DIR)/Pods-ButtonHorizontalCollectionView-checkManifestLockResult.txt",
			);
			runOnlyForDeploymentPostprocessing = 0;
			shellPath = /bin/sh;
			shellScript = "diff \"${PODS_PODFILE_DIR_PATH}/Podfile.lock\" \"${PODS_ROOT}/Manifest.lock\" > /dev/null\nif [ $? != 0 ] ; then\n    # print error to STDERR\n    echo \"error: The sandbox is not in sync with the Podfile.lock. Run 'pod install' or update your CocoaPods installation.\" >&2\n    exit 1\nfi\n# This output is used by Xcode 'outputs' to avoid re-running this script phase.\necho \"SUCCESS\" > \"${SCRIPT_OUTPUT_FILE_0}\"\n";
			showEnvVarsInLog = 0;
		};
/* End PBXShellScriptBuildPhase section */

/* Begin PBXSourcesBuildPhase section */
		AA478B5C26F07EAF009C628B /* Sources */ = {
			isa = PBXSourcesBuildPhase;
			buildActionMask = 2147483647;
			files = (
				AA478B6826F07EAF009C628B /* ViewController.swift in Sources */,
				AA478B6426F07EAF009C628B /* AppDelegate.swift in Sources */,
				AA478B6626F07EAF009C628B /* SceneDelegate.swift in Sources */,
			);
			runOnlyForDeploymentPostprocessing = 0;
		};
/* End PBXSourcesBuildPhase section */

/* Begin PBXVariantGroup section */
		AA478B6926F07EAF009C628B /* Main.storyboard */ = {
			isa = PBXVariantGroup;
			children = (
				AA478B6A26F07EAF009C628B /* Base */,
			);
			name = Main.storyboard;
			sourceTree = "<group>";
		};
		AA478B6E26F07EB2009C628B /* LaunchScreen.storyboard */ = {
			isa = PBXVariantGroup;
			children = (
				AA478B6F26F07EB2009C628B /* Base */,
			);
			name = LaunchScreen.storyboard;
			sourceTree = "<group>";
		};
/* End PBXVariantGroup section */

/* Begin XCBuildConfiguration section */
		AA478B7226F07EB2009C628B /* Debug */ = {
			isa = XCBuildConfiguration;
			buildSettings = {
				ALWAYS_SEARCH_USER_PATHS = NO;
				CLANG_ANALYZER_NONNULL = YES;
				CLANG_ANALYZER_NUMBER_OBJECT_CONVERSION = YES_AGGRESSIVE;
				CLANG_CXX_LANGUAGE_STANDARD = "gnu++14";
				CLANG_CXX_LIBRARY = "libc++";
				CLANG_ENABLE_MODULES = YES;
				CLANG_ENABLE_OBJC_ARC = YES;
				CLANG_ENABLE_OBJC_WEAK = YES;
				CLANG_WARN_BLOCK_CAPTURE_AUTORELEASING = YES;
				CLANG_WARN_BOOL_CONVERSION = YES;
				CLANG_WARN_COMMA = YES;
				CLANG_WARN_CONSTANT_CONVERSION = YES;
				CLANG_WARN_DEPRECATED_OBJC_IMPLEMENTATIONS = YES;
				CLANG_WARN_DIRECT_OBJC_ISA_USAGE = YES_ERROR;
				CLANG_WARN_DOCUMENTATION_COMMENTS = YES;
				CLANG_WARN_EMPTY_BODY = YES;
				CLANG_WARN_ENUM_CONVERSION = YES;
				CLANG_WARN_INFINITE_RECURSION = YES;
				CLANG_WARN_INT_CONVERSION = YES;
				CLANG_WARN_NON_LITERAL_NULL_CONVERSION = YES;
				CLANG_WARN_OBJC_IMPLICIT_RETAIN_SELF = YES;
				CLANG_WARN_OBJC_LITERAL_CONVERSION = YES;
				CLANG_WARN_OBJC_ROOT_CLASS = YES_ERROR;
				CLANG_WARN_QUOTED_INCLUDE_IN_FRAMEWORK_HEADER = YES;
				CLANG_WARN_RANGE_LOOP_ANALYSIS = YES;
				CLANG_WARN_STRICT_PROTOTYPES = YES;
				CLANG_WARN_SUSPICIOUS_MOVE = YES;
				CLANG_WARN_UNGUARDED_AVAILABILITY = YES_AGGRESSIVE;
				CLANG_WARN_UNREACHABLE_CODE = YES;
				CLANG_WARN__DUPLICATE_METHOD_MATCH = YES;
				COPY_PHASE_STRIP = NO;
				DEBUG_INFORMATION_FORMAT = dwarf;
				ENABLE_STRICT_OBJC_MSGSEND = YES;
				ENABLE_TESTABILITY = YES;
				GCC_C_LANGUAGE_STANDARD = gnu11;
				GCC_DYNAMIC_NO_PIC = NO;
				GCC_NO_COMMON_BLOCKS = YES;
				GCC_OPTIMIZATION_LEVEL = 0;
				GCC_PREPROCESSOR_DEFINITIONS = (
					"DEBUG=1",
					"$(inherited)",
				);
				GCC_WARN_64_TO_32_BIT_CONVERSION = YES;
				GCC_WARN_ABOUT_RETURN_TYPE = YES_ERROR;
				GCC_WARN_UNDECLARED_SELECTOR = YES;
				GCC_WARN_UNINITIALIZED_AUTOS = YES_AGGRESSIVE;
				GCC_WARN_UNUSED_FUNCTION = YES;
				GCC_WARN_UNUSED_VARIABLE = YES;
				IPHONEOS_DEPLOYMENT_TARGET = 14.5;
				MTL_ENABLE_DEBUG_INFO = INCLUDE_SOURCE;
				MTL_FAST_MATH = YES;
				ONLY_ACTIVE_ARCH = YES;
				SDKROOT = iphoneos;
				SWIFT_ACTIVE_COMPILATION_CONDITIONS = DEBUG;
				SWIFT_OPTIMIZATION_LEVEL = "-Onone";
			};
			name = Debug;
		};
		AA478B7326F07EB2009C628B /* Release */ = {
			isa = XCBuildConfiguration;
			buildSettings = {
				ALWAYS_SEARCH_USER_PATHS = NO;
				CLANG_ANALYZER_NONNULL = YES;
				CLANG_ANALYZER_NUMBER_OBJECT_CONVERSION = YES_AGGRESSIVE;
				CLANG_CXX_LANGUAGE_STANDARD = "gnu++14";
				CLANG_CXX_LIBRARY = "libc++";
				CLANG_ENABLE_MODULES = YES;
				CLANG_ENABLE_OBJC_ARC = YES;
				CLANG_ENABLE_OBJC_WEAK = YES;
				CLANG_WARN_BLOCK_CAPTURE_AUTORELEASING = YES;
				CLANG_WARN_BOOL_CONVERSION = YES;
				CLANG_WARN_COMMA = YES;
				CLANG_WARN_CONSTANT_CONVERSION = YES;
				CLANG_WARN_DEPRECATED_OBJC_IMPLEMENTATIONS = YES;
				CLANG_WARN_DIRECT_OBJC_ISA_USAGE = YES_ERROR;
				CLANG_WARN_DOCUMENTATION_COMMENTS = YES;
				CLANG_WARN_EMPTY_BODY = YES;
				CLANG_WARN_ENUM_CONVERSION = YES;
				CLANG_WARN_INFINITE_RECURSION = YES;
				CLANG_WARN_INT_CONVERSION = YES;
				CLANG_WARN_NON_LITERAL_NULL_CONVERSION = YES;
				CLANG_WARN_OBJC_IMPLICIT_RETAIN_SELF = YES;
				CLANG_WARN_OBJC_LITERAL_CONVERSION = YES;
				CLANG_WARN_OBJC_ROOT_CLASS = YES_ERROR;
				CLANG_WARN_QUOTED_INCLUDE_IN_FRAMEWORK_HEADER = YES;
				CLANG_WARN_RANGE_LOOP_ANALYSIS = YES;
				CLANG_WARN_STRICT_PROTOTYPES = YES;
				CLANG_WARN_SUSPICIOUS_MOVE = YES;
				CLANG_WARN_UNGUARDED_AVAILABILITY = YES_AGGRESSIVE;
				CLANG_WARN_UNREACHABLE_CODE = YES;
				CLANG_WARN__DUPLICATE_METHOD_MATCH = YES;
				COPY_PHASE_STRIP = NO;
				DEBUG_INFORMATION_FORMAT = "dwarf-with-dsym";
				ENABLE_NS_ASSERTIONS = NO;
				ENABLE_STRICT_OBJC_MSGSEND = YES;
				GCC_C_LANGUAGE_STANDARD = gnu11;
				GCC_NO_COMMON_BLOCKS = YES;
				GCC_WARN_64_TO_32_BIT_CONVERSION = YES;
				GCC_WARN_ABOUT_RETURN_TYPE = YES_ERROR;
				GCC_WARN_UNDECLARED_SELECTOR = YES;
				GCC_WARN_UNINITIALIZED_AUTOS = YES_AGGRESSIVE;
				GCC_WARN_UNUSED_FUNCTION = YES;
				GCC_WARN_UNUSED_VARIABLE = YES;
				IPHONEOS_DEPLOYMENT_TARGET = 14.5;
				MTL_ENABLE_DEBUG_INFO = NO;
				MTL_FAST_MATH = YES;
				SDKROOT = iphoneos;
				SWIFT_COMPILATION_MODE = wholemodule;
				SWIFT_OPTIMIZATION_LEVEL = "-O";
				VALIDATE_PRODUCT = YES;
			};
			name = Release;
		};
		AA478B7526F07EB2009C628B /* Debug */ = {
			isa = XCBuildConfiguration;
			baseConfigurationReference = E868D1D9B17542DE41277E34 /* Pods-ButtonHorizontalCollectionView.debug.xcconfig */;
			buildSettings = {
				ASSETCATALOG_COMPILER_APPICON_NAME = AppIcon;
				ASSETCATALOG_COMPILER_GLOBAL_ACCENT_COLOR_NAME = AccentColor;
				CODE_SIGN_STYLE = Automatic;
				DEVELOPMENT_TEAM = P275SPG67W;
				INFOPLIST_FILE = ButtonHorizontalCollectionView/Info.plist;
				LD_RUNPATH_SEARCH_PATHS = (
					"$(inherited)",
					"@executable_path/Frameworks",
				);
				PRODUCT_BUNDLE_IDENTIFIER = com.yeonju.ButtonHorizontalCollectionView;
				PRODUCT_NAME = "$(TARGET_NAME)";
				SWIFT_VERSION = 5.0;
				TARGETED_DEVICE_FAMILY = "1,2";
			};
			name = Debug;
		};
		AA478B7626F07EB2009C628B /* Release */ = {
			isa = XCBuildConfiguration;
			baseConfigurationReference = EDFC2B2969715625FAE6C5EF /* Pods-ButtonHorizontalCollectionView.release.xcconfig */;
			buildSettings = {
				ASSETCATALOG_COMPILER_APPICON_NAME = AppIcon;
				ASSETCATALOG_COMPILER_GLOBAL_ACCENT_COLOR_NAME = AccentColor;
				CODE_SIGN_STYLE = Automatic;
				DEVELOPMENT_TEAM = P275SPG67W;
				INFOPLIST_FILE = ButtonHorizontalCollectionView/Info.plist;
				LD_RUNPATH_SEARCH_PATHS = (
					"$(inherited)",
					"@executable_path/Frameworks",
				);
				PRODUCT_BUNDLE_IDENTIFIER = com.yeonju.ButtonHorizontalCollectionView;
				PRODUCT_NAME = "$(TARGET_NAME)";
				SWIFT_VERSION = 5.0;
				TARGETED_DEVICE_FAMILY = "1,2";
			};
			name = Release;
		};
/* End XCBuildConfiguration section */

/* Begin XCConfigurationList section */
		AA478B5B26F07EAF009C628B /* Build configuration list for PBXProject "ButtonHorizontalCollectionView" */ = {
			isa = XCConfigurationList;
			buildConfigurations = (
				AA478B7226F07EB2009C628B /* Debug */,
				AA478B7326F07EB2009C628B /* Release */,
			);
			defaultConfigurationIsVisible = 0;
			defaultConfigurationName = Release;
		};
		AA478B7426F07EB2009C628B /* Build configuration list for PBXNativeTarget "ButtonHorizontalCollectionView" */ = {
			isa = XCConfigurationList;
			buildConfigurations = (
				AA478B7526F07EB2009C628B /* Debug */,
				AA478B7626F07EB2009C628B /* Release */,
			);
			defaultConfigurationIsVisible = 0;
			defaultConfigurationName = Release;
		};
/* End XCConfigurationList section */
	};
	rootObject = AA478B5826F07EAF009C628B /* Project object */;
}
