// !$*UTF8*$!
{
	archiveVersion = 1;
	classes = {
	};
	objectVersion = 55;
	objects = {

/* Begin PBXBuildFile section */
		1EED671BB2A3117BB36EDDF5 /* Pods_JjapAppleStore.framework in Frameworks */ = {isa = PBXBuildFile; fileRef = 62DEE9F355BCF55A90E6E6C0 /* Pods_JjapAppleStore.framework */; };
		AA00AEDE2720648A00933DDB /* AppDelegate.swift in Sources */ = {isa = PBXBuildFile; fileRef = AA00AEDD2720648A00933DDB /* AppDelegate.swift */; };
		AA00AEE02720648A00933DDB /* SceneDelegate.swift in Sources */ = {isa = PBXBuildFile; fileRef = AA00AEDF2720648A00933DDB /* SceneDelegate.swift */; };
		AA00AEE22720648A00933DDB /* ViewController.swift in Sources */ = {isa = PBXBuildFile; fileRef = AA00AEE12720648A00933DDB /* ViewController.swift */; };
		AA00AEE52720648A00933DDB /* Main.storyboard in Resources */ = {isa = PBXBuildFile; fileRef = AA00AEE32720648A00933DDB /* Main.storyboard */; };
		AA00AEE72720648D00933DDB /* Assets.xcassets in Resources */ = {isa = PBXBuildFile; fileRef = AA00AEE62720648D00933DDB /* Assets.xcassets */; };
		AA00AEEA2720648D00933DDB /* LaunchScreen.storyboard in Resources */ = {isa = PBXBuildFile; fileRef = AA00AEE82720648D00933DDB /* LaunchScreen.storyboard */; };
		AA00AEF22720656200933DDB /* CustomTableViewCell.swift in Sources */ = {isa = PBXBuildFile; fileRef = AA00AEF12720656200933DDB /* CustomTableViewCell.swift */; };
		AA00AEF4272104DB00933DDB /* CustomCollectionViewCell.swift in Sources */ = {isa = PBXBuildFile; fileRef = AA00AEF3272104DB00933DDB /* CustomCollectionViewCell.swift */; };
/* End PBXBuildFile section */

/* Begin PBXFileReference section */
		10771B7960E52AE9481BCD81 /* Pods-JjapAppleStore.debug.xcconfig */ = {isa = PBXFileReference; includeInIndex = 1; lastKnownFileType = text.xcconfig; name = "Pods-JjapAppleStore.debug.xcconfig"; path = "Target Support Files/Pods-JjapAppleStore/Pods-JjapAppleStore.debug.xcconfig"; sourceTree = "<group>"; };
		221C0018BFB2AE0ED662B7B9 /* Pods-JjapAppleStore.release.xcconfig */ = {isa = PBXFileReference; includeInIndex = 1; lastKnownFileType = text.xcconfig; name = "Pods-JjapAppleStore.release.xcconfig"; path = "Target Support Files/Pods-JjapAppleStore/Pods-JjapAppleStore.release.xcconfig"; sourceTree = "<group>"; };
		62DEE9F355BCF55A90E6E6C0 /* Pods_JjapAppleStore.framework */ = {isa = PBXFileReference; explicitFileType = wrapper.framework; includeInIndex = 0; path = Pods_JjapAppleStore.framework; sourceTree = BUILT_PRODUCTS_DIR; };
		AA00AEDA2720648A00933DDB /* JjapAppleStore.app */ = {isa = PBXFileReference; explicitFileType = wrapper.application; includeInIndex = 0; path = JjapAppleStore.app; sourceTree = BUILT_PRODUCTS_DIR; };
		AA00AEDD2720648A00933DDB /* AppDelegate.swift */ = {isa = PBXFileReference; lastKnownFileType = sourcecode.swift; path = AppDelegate.swift; sourceTree = "<group>"; };
		AA00AEDF2720648A00933DDB /* SceneDelegate.swift */ = {isa = PBXFileReference; lastKnownFileType = sourcecode.swift; path = SceneDelegate.swift; sourceTree = "<group>"; };
		AA00AEE12720648A00933DDB /* ViewController.swift */ = {isa = PBXFileReference; lastKnownFileType = sourcecode.swift; path = ViewController.swift; sourceTree = "<group>"; };
		AA00AEE42720648A00933DDB /* Base */ = {isa = PBXFileReference; lastKnownFileType = file.storyboard; name = Base; path = Base.lproj/Main.storyboard; sourceTree = "<group>"; };
		AA00AEE62720648D00933DDB /* Assets.xcassets */ = {isa = PBXFileReference; lastKnownFileType = folder.assetcatalog; path = Assets.xcassets; sourceTree = "<group>"; };
		AA00AEE92720648D00933DDB /* Base */ = {isa = PBXFileReference; lastKnownFileType = file.storyboard; name = Base; path = Base.lproj/LaunchScreen.storyboard; sourceTree = "<group>"; };
		AA00AEEB2720648D00933DDB /* Info.plist */ = {isa = PBXFileReference; lastKnownFileType = text.plist.xml; path = Info.plist; sourceTree = "<group>"; };
		AA00AEF12720656200933DDB /* CustomTableViewCell.swift */ = {isa = PBXFileReference; lastKnownFileType = sourcecode.swift; path = CustomTableViewCell.swift; sourceTree = "<group>"; };
		AA00AEF3272104DB00933DDB /* CustomCollectionViewCell.swift */ = {isa = PBXFileReference; lastKnownFileType = sourcecode.swift; path = CustomCollectionViewCell.swift; sourceTree = "<group>"; };
/* End PBXFileReference section */

/* Begin PBXFrameworksBuildPhase section */
		AA00AED72720648A00933DDB /* Frameworks */ = {
			isa = PBXFrameworksBuildPhase;
			buildActionMask = 2147483647;
			files = (
				1EED671BB2A3117BB36EDDF5 /* Pods_JjapAppleStore.framework in Frameworks */,
			);
			runOnlyForDeploymentPostprocessing = 0;
		};
/* End PBXFrameworksBuildPhase section */

/* Begin PBXGroup section */
		6768D616CA620765B45E2BE6 /* Frameworks */ = {
			isa = PBXGroup;
			children = (
				62DEE9F355BCF55A90E6E6C0 /* Pods_JjapAppleStore.framework */,
			);
			name = Frameworks;
			sourceTree = "<group>";
		};
		AA00AED12720648A00933DDB = {
			isa = PBXGroup;
			children = (
				AA00AEDC2720648A00933DDB /* JjapAppleStore */,
				AA00AEDB2720648A00933DDB /* Products */,
				C5EDEE447A66C9C65857F0DB /* Pods */,
				6768D616CA620765B45E2BE6 /* Frameworks */,
			);
			sourceTree = "<group>";
		};
		AA00AEDB2720648A00933DDB /* Products */ = {
			isa = PBXGroup;
			children = (
				AA00AEDA2720648A00933DDB /* JjapAppleStore.app */,
			);
			name = Products;
			sourceTree = "<group>";
		};
		AA00AEDC2720648A00933DDB /* JjapAppleStore */ = {
			isa = PBXGroup;
			children = (
				AA00AEDD2720648A00933DDB /* AppDelegate.swift */,
				AA00AEDF2720648A00933DDB /* SceneDelegate.swift */,
				AA00AEE12720648A00933DDB /* ViewController.swift */,
				AA00AEE32720648A00933DDB /* Main.storyboard */,
				AA00AEE62720648D00933DDB /* Assets.xcassets */,
				AA00AEE82720648D00933DDB /* LaunchScreen.storyboard */,
				AA00AEEB2720648D00933DDB /* Info.plist */,
				AA00AEF12720656200933DDB /* CustomTableViewCell.swift */,
				AA00AEF3272104DB00933DDB /* CustomCollectionViewCell.swift */,
			);
			path = JjapAppleStore;
			sourceTree = "<group>";
		};
		C5EDEE447A66C9C65857F0DB /* Pods */ = {
			isa = PBXGroup;
			children = (
				10771B7960E52AE9481BCD81 /* Pods-JjapAppleStore.debug.xcconfig */,
				221C0018BFB2AE0ED662B7B9 /* Pods-JjapAppleStore.release.xcconfig */,
			);
			path = Pods;
			sourceTree = "<group>";
		};
/* End PBXGroup section */

/* Begin PBXNativeTarget section */
		AA00AED92720648A00933DDB /* JjapAppleStore */ = {
			isa = PBXNativeTarget;
			buildConfigurationList = AA00AEEE2720648D00933DDB /* Build configuration list for PBXNativeTarget "JjapAppleStore" */;
			buildPhases = (
				0FDF574FE9FD8702AE2A4053 /* [CP] Check Pods Manifest.lock */,
				AA00AED62720648A00933DDB /* Sources */,
				AA00AED72720648A00933DDB /* Frameworks */,
				AA00AED82720648A00933DDB /* Resources */,
				C8723AD3E11D839771BCCD15 /* [CP] Embed Pods Frameworks */,
			);
			buildRules = (
			);
			dependencies = (
			);
			name = JjapAppleStore;
			productName = JjapAppleStore;
			productReference = AA00AEDA2720648A00933DDB /* JjapAppleStore.app */;
			productType = "com.apple.product-type.application";
		};
/* End PBXNativeTarget section */

/* Begin PBXProject section */
		AA00AED22720648A00933DDB /* Project object */ = {
			isa = PBXProject;
			attributes = {
				BuildIndependentTargetsInParallel = 1;
				LastSwiftUpdateCheck = 1300;
				LastUpgradeCheck = 1300;
				TargetAttributes = {
					AA00AED92720648A00933DDB = {
						CreatedOnToolsVersion = 13.0;
					};
				};
			};
			buildConfigurationList = AA00AED52720648A00933DDB /* Build configuration list for PBXProject "JjapAppleStore" */;
			compatibilityVersion = "Xcode 13.0";
			developmentRegion = en;
			hasScannedForEncodings = 0;
			knownRegions = (
				en,
				Base,
			);
			mainGroup = AA00AED12720648A00933DDB;
			productRefGroup = AA00AEDB2720648A00933DDB /* Products */;
			projectDirPath = "";
			projectRoot = "";
			targets = (
				AA00AED92720648A00933DDB /* JjapAppleStore */,
			);
		};
/* End PBXProject section */

/* Begin PBXResourcesBuildPhase section */
		AA00AED82720648A00933DDB /* Resources */ = {
			isa = PBXResourcesBuildPhase;
			buildActionMask = 2147483647;
			files = (
				AA00AEEA2720648D00933DDB /* LaunchScreen.storyboard in Resources */,
				AA00AEE72720648D00933DDB /* Assets.xcassets in Resources */,
				AA00AEE52720648A00933DDB /* Main.storyboard in Resources */,
			);
			runOnlyForDeploymentPostprocessing = 0;
		};
/* End PBXResourcesBuildPhase section */

/* Begin PBXShellScriptBuildPhase section */
		0FDF574FE9FD8702AE2A4053 /* [CP] Check Pods Manifest.lock */ = {
			isa = PBXShellScriptBuildPhase;
			buildActionMask = 2147483647;
			files = (
			);
			inputFileListPaths = (
			);
			inputPaths = (
				"${PODS_PODFILE_DIR_PATH}/Podfile.lock",
				"${PODS_ROOT}/Manifest.lock",
			);
			name = "[CP] Check Pods Manifest.lock";
			outputFileListPaths = (
			);
			outputPaths = (
				"$(DERIVED_FILE_DIR)/Pods-JjapAppleStore-checkManifestLockResult.txt",
			);
			runOnlyForDeploymentPostprocessing = 0;
			shellPath = /bin/sh;
			shellScript = "diff \"${PODS_PODFILE_DIR_PATH}/Podfile.lock\" \"${PODS_ROOT}/Manifest.lock\" > /dev/null\nif [ $? != 0 ] ; then\n    # print error to STDERR\n    echo \"error: The sandbox is not in sync with the Podfile.lock. Run 'pod install' or update your CocoaPods installation.\" >&2\n    exit 1\nfi\n# This output is used by Xcode 'outputs' to avoid re-running this script phase.\necho \"SUCCESS\" > \"${SCRIPT_OUTPUT_FILE_0}\"\n";
			showEnvVarsInLog = 0;
		};
		C8723AD3E11D839771BCCD15 /* [CP] Embed Pods Frameworks */ = {
			isa = PBXShellScriptBuildPhase;
			buildActionMask = 2147483647;
			files = (
			);
			inputFileListPaths = (
				"${PODS_ROOT}/Target Support Files/Pods-JjapAppleStore/Pods-JjapAppleStore-frameworks-${CONFIGURATION}-input-files.xcfilelist",
			);
			name = "[CP] Embed Pods Frameworks";
			outputFileListPaths = (
				"${PODS_ROOT}/Target Support Files/Pods-JjapAppleStore/Pods-JjapAppleStore-frameworks-${CONFIGURATION}-output-files.xcfilelist",
			);
			runOnlyForDeploymentPostprocessing = 0;
			shellPath = /bin/sh;
			shellScript = "\"${PODS_ROOT}/Target Support Files/Pods-JjapAppleStore/Pods-JjapAppleStore-frameworks.sh\"\n";
			showEnvVarsInLog = 0;
		};
/* End PBXShellScriptBuildPhase section */

/* Begin PBXSourcesBuildPhase section */
		AA00AED62720648A00933DDB /* Sources */ = {
			isa = PBXSourcesBuildPhase;
			buildActionMask = 2147483647;
			files = (
				AA00AEE22720648A00933DDB /* ViewController.swift in Sources */,
				AA00AEF4272104DB00933DDB /* CustomCollectionViewCell.swift in Sources */,
				AA00AEDE2720648A00933DDB /* AppDelegate.swift in Sources */,
				AA00AEF22720656200933DDB /* CustomTableViewCell.swift in Sources */,
				AA00AEE02720648A00933DDB /* SceneDelegate.swift in Sources */,
			);
			runOnlyForDeploymentPostprocessing = 0;
		};
/* End PBXSourcesBuildPhase section */

/* Begin PBXVariantGroup section */
		AA00AEE32720648A00933DDB /* Main.storyboard */ = {
			isa = PBXVariantGroup;
			children = (
				AA00AEE42720648A00933DDB /* Base */,
			);
			name = Main.storyboard;
			sourceTree = "<group>";
		};
		AA00AEE82720648D00933DDB /* LaunchScreen.storyboard */ = {
			isa = PBXVariantGroup;
			children = (
				AA00AEE92720648D00933DDB /* Base */,
			);
			name = LaunchScreen.storyboard;
			sourceTree = "<group>";
		};
/* End PBXVariantGroup section */

/* Begin XCBuildConfiguration section */
		AA00AEEC2720648D00933DDB /* Debug */ = {
			isa = XCBuildConfiguration;
			buildSettings = {
				ALWAYS_SEARCH_USER_PATHS = NO;
				CLANG_ANALYZER_NONNULL = YES;
				CLANG_ANALYZER_NUMBER_OBJECT_CONVERSION = YES_AGGRESSIVE;
				CLANG_CXX_LANGUAGE_STANDARD = "gnu++17";
				CLANG_CXX_LIBRARY = "libc++";
				CLANG_ENABLE_MODULES = YES;
				CLANG_ENABLE_OBJC_ARC = YES;
				CLANG_ENABLE_OBJC_WEAK = YES;
				CLANG_WARN_BLOCK_CAPTURE_AUTORELEASING = YES;
				CLANG_WARN_BOOL_CONVERSION = YES;
				CLANG_WARN_COMMA = YES;
				CLANG_WARN_CONSTANT_CONVERSION = YES;
				CLANG_WARN_DEPRECATED_OBJC_IMPLEMENTATIONS = YES;
				CLANG_WARN_DIRECT_OBJC_ISA_USAGE = YES_ERROR;
				CLANG_WARN_DOCUMENTATION_COMMENTS = YES;
				CLANG_WARN_EMPTY_BODY = YES;
				CLANG_WARN_ENUM_CONVERSION = YES;
				CLANG_WARN_INFINITE_RECURSION = YES;
				CLANG_WARN_INT_CONVERSION = YES;
				CLANG_WARN_NON_LITERAL_NULL_CONVERSION = YES;
				CLANG_WARN_OBJC_IMPLICIT_RETAIN_SELF = YES;
				CLANG_WARN_OBJC_LITERAL_CONVERSION = YES;
				CLANG_WARN_OBJC_ROOT_CLASS = YES_ERROR;
				CLANG_WARN_QUOTED_INCLUDE_IN_FRAMEWORK_HEADER = YES;
				CLANG_WARN_RANGE_LOOP_ANALYSIS = YES;
				CLANG_WARN_STRICT_PROTOTYPES = YES;
				CLANG_WARN_SUSPICIOUS_MOVE = YES;
				CLANG_WARN_UNGUARDED_AVAILABILITY = YES_AGGRESSIVE;
				CLANG_WARN_UNREACHABLE_CODE = YES;
				CLANG_WARN__DUPLICATE_METHOD_MATCH = YES;
				COPY_PHASE_STRIP = NO;
				DEBUG_INFORMATION_FORMAT = dwarf;
				ENABLE_STRICT_OBJC_MSGSEND = YES;
				ENABLE_TESTABILITY = YES;
				GCC_C_LANGUAGE_STANDARD = gnu11;
				GCC_DYNAMIC_NO_PIC = NO;
				GCC_NO_COMMON_BLOCKS = YES;
				GCC_OPTIMIZATION_LEVEL = 0;
				GCC_PREPROCESSOR_DEFINITIONS = (
					"DEBUG=1",
					"$(inherited)",
				);
				GCC_WARN_64_TO_32_BIT_CONVERSION = YES;
				GCC_WARN_ABOUT_RETURN_TYPE = YES_ERROR;
				GCC_WARN_UNDECLARED_SELECTOR = YES;
				GCC_WARN_UNINITIALIZED_AUTOS = YES_AGGRESSIVE;
				GCC_WARN_UNUSED_FUNCTION = YES;
				GCC_WARN_UNUSED_VARIABLE = YES;
				IPHONEOS_DEPLOYMENT_TARGET = 15.0;
				MTL_ENABLE_DEBUG_INFO = INCLUDE_SOURCE;
				MTL_FAST_MATH = YES;
				ONLY_ACTIVE_ARCH = YES;
				SDKROOT = iphoneos;
				SWIFT_ACTIVE_COMPILATION_CONDITIONS = DEBUG;
				SWIFT_OPTIMIZATION_LEVEL = "-Onone";
			};
			name = Debug;
		};
		AA00AEED2720648D00933DDB /* Release */ = {
			isa = XCBuildConfiguration;
			buildSettings = {
				ALWAYS_SEARCH_USER_PATHS = NO;
				CLANG_ANALYZER_NONNULL = YES;
				CLANG_ANALYZER_NUMBER_OBJECT_CONVERSION = YES_AGGRESSIVE;
				CLANG_CXX_LANGUAGE_STANDARD = "gnu++17";
				CLANG_CXX_LIBRARY = "libc++";
				CLANG_ENABLE_MODULES = YES;
				CLANG_ENABLE_OBJC_ARC = YES;
				CLANG_ENABLE_OBJC_WEAK = YES;
				CLANG_WARN_BLOCK_CAPTURE_AUTORELEASING = YES;
				CLANG_WARN_BOOL_CONVERSION = YES;
				CLANG_WARN_COMMA = YES;
				CLANG_WARN_CONSTANT_CONVERSION = YES;
				CLANG_WARN_DEPRECATED_OBJC_IMPLEMENTATIONS = YES;
				CLANG_WARN_DIRECT_OBJC_ISA_USAGE = YES_ERROR;
				CLANG_WARN_DOCUMENTATION_COMMENTS = YES;
				CLANG_WARN_EMPTY_BODY = YES;
				CLANG_WARN_ENUM_CONVERSION = YES;
				CLANG_WARN_INFINITE_RECURSION = YES;
				CLANG_WARN_INT_CONVERSION = YES;
				CLANG_WARN_NON_LITERAL_NULL_CONVERSION = YES;
				CLANG_WARN_OBJC_IMPLICIT_RETAIN_SELF = YES;
				CLANG_WARN_OBJC_LITERAL_CONVERSION = YES;
				CLANG_WARN_OBJC_ROOT_CLASS = YES_ERROR;
				CLANG_WARN_QUOTED_INCLUDE_IN_FRAMEWORK_HEADER = YES;
				CLANG_WARN_RANGE_LOOP_ANALYSIS = YES;
				CLANG_WARN_STRICT_PROTOTYPES = YES;
				CLANG_WARN_SUSPICIOUS_MOVE = YES;
				CLANG_WARN_UNGUARDED_AVAILABILITY = YES_AGGRESSIVE;
				CLANG_WARN_UNREACHABLE_CODE = YES;
				CLANG_WARN__DUPLICATE_METHOD_MATCH = YES;
				COPY_PHASE_STRIP = NO;
				DEBUG_INFORMATION_FORMAT = "dwarf-with-dsym";
				ENABLE_NS_ASSERTIONS = NO;
				ENABLE_STRICT_OBJC_MSGSEND = YES;
				GCC_C_LANGUAGE_STANDARD = gnu11;
				GCC_NO_COMMON_BLOCKS = YES;
				GCC_WARN_64_TO_32_BIT_CONVERSION = YES;
				GCC_WARN_ABOUT_RETURN_TYPE = YES_ERROR;
				GCC_WARN_UNDECLARED_SELECTOR = YES;
				GCC_WARN_UNINITIALIZED_AUTOS = YES_AGGRESSIVE;
				GCC_WARN_UNUSED_FUNCTION = YES;
				GCC_WARN_UNUSED_VARIABLE = YES;
				IPHONEOS_DEPLOYMENT_TARGET = 15.0;
				MTL_ENABLE_DEBUG_INFO = NO;
				MTL_FAST_MATH = YES;
				SDKROOT = iphoneos;
				SWIFT_COMPILATION_MODE = wholemodule;
				SWIFT_OPTIMIZATION_LEVEL = "-O";
				VALIDATE_PRODUCT = YES;
			};
			name = Release;
		};
		AA00AEEF2720648D00933DDB /* Debug */ = {
			isa = XCBuildConfiguration;
			baseConfigurationReference = 10771B7960E52AE9481BCD81 /* Pods-JjapAppleStore.debug.xcconfig */;
			buildSettings = {
				ASSETCATALOG_COMPILER_APPICON_NAME = AppIcon;
				ASSETCATALOG_COMPILER_GLOBAL_ACCENT_COLOR_NAME = AccentColor;
				CODE_SIGN_STYLE = Automatic;
				CURRENT_PROJECT_VERSION = 1;
				DEVELOPMENT_TEAM = P275SPG67W;
				GENERATE_INFOPLIST_FILE = YES;
				INFOPLIST_FILE = JjapAppleStore/Info.plist;
				INFOPLIST_KEY_UIApplicationSupportsIndirectInputEvents = YES;
				INFOPLIST_KEY_UILaunchStoryboardName = LaunchScreen;
				INFOPLIST_KEY_UIMainStoryboardFile = Main;
				INFOPLIST_KEY_UISupportedInterfaceOrientations_iPad = "UIInterfaceOrientationPortrait UIInterfaceOrientationPortraitUpsideDown UIInterfaceOrientationLandscapeLeft UIInterfaceOrientationLandscapeRight";
				INFOPLIST_KEY_UISupportedInterfaceOrientations_iPhone = "UIInterfaceOrientationPortrait UIInterfaceOrientationLandscapeLeft UIInterfaceOrientationLandscapeRight";
				LD_RUNPATH_SEARCH_PATHS = (
					"$(inherited)",
					"@executable_path/Frameworks",
				);
				MARKETING_VERSION = 1.0;
				PRODUCT_BUNDLE_IDENTIFIER = com.yeonju.JjapAppleStore;
				PRODUCT_NAME = "$(TARGET_NAME)";
				SWIFT_EMIT_LOC_STRINGS = YES;
				SWIFT_VERSION = 5.0;
				TARGETED_DEVICE_FAMILY = "1,2";
			};
			name = Debug;
		};
		AA00AEF02720648D00933DDB /* Release */ = {
			isa = XCBuildConfiguration;
			baseConfigurationReference = 221C0018BFB2AE0ED662B7B9 /* Pods-JjapAppleStore.release.xcconfig */;
			buildSettings = {
				ASSETCATALOG_COMPILER_APPICON_NAME = AppIcon;
				ASSETCATALOG_COMPILER_GLOBAL_ACCENT_COLOR_NAME = AccentColor;
				CODE_SIGN_STYLE = Automatic;
				CURRENT_PROJECT_VERSION = 1;
				DEVELOPMENT_TEAM = P275SPG67W;
				GENERATE_INFOPLIST_FILE = YES;
				INFOPLIST_FILE = JjapAppleStore/Info.plist;
				INFOPLIST_KEY_UIApplicationSupportsIndirectInputEvents = YES;
				INFOPLIST_KEY_UILaunchStoryboardName = LaunchScreen;
				INFOPLIST_KEY_UIMainStoryboardFile = Main;
				INFOPLIST_KEY_UISupportedInterfaceOrientations_iPad = "UIInterfaceOrientationPortrait UIInterfaceOrientationPortraitUpsideDown UIInterfaceOrientationLandscapeLeft UIInterfaceOrientationLandscapeRight";
				INFOPLIST_KEY_UISupportedInterfaceOrientations_iPhone = "UIInterfaceOrientationPortrait UIInterfaceOrientationLandscapeLeft UIInterfaceOrientationLandscapeRight";
				LD_RUNPATH_SEARCH_PATHS = (
					"$(inherited)",
					"@executable_path/Frameworks",
				);
				MARKETING_VERSION = 1.0;
				PRODUCT_BUNDLE_IDENTIFIER = com.yeonju.JjapAppleStore;
				PRODUCT_NAME = "$(TARGET_NAME)";
				SWIFT_EMIT_LOC_STRINGS = YES;
				SWIFT_VERSION = 5.0;
				TARGETED_DEVICE_FAMILY = "1,2";
			};
			name = Release;
		};
/* End XCBuildConfiguration section */

/* Begin XCConfigurationList section */
		AA00AED52720648A00933DDB /* Build configuration list for PBXProject "JjapAppleStore" */ = {
			isa = XCConfigurationList;
			buildConfigurations = (
				AA00AEEC2720648D00933DDB /* Debug */,
				AA00AEED2720648D00933DDB /* Release */,
			);
			defaultConfigurationIsVisible = 0;
			defaultConfigurationName = Release;
		};
		AA00AEEE2720648D00933DDB /* Build configuration list for PBXNativeTarget "JjapAppleStore" */ = {
			isa = XCConfigurationList;
			buildConfigurations = (
				AA00AEEF2720648D00933DDB /* Debug */,
				AA00AEF02720648D00933DDB /* Release */,
			);
			defaultConfigurationIsVisible = 0;
			defaultConfigurationName = Release;
		};
/* End XCConfigurationList section */
	};
	rootObject = AA00AED22720648A00933DDB /* Project object */;
}
